
Microsoft Visual Studio Solution File, Format Version 12.00
# Visual Studio 15
Project("{FAE04EC0-301F-11D3-BF4B-00C04F79EFBC}") = "Unity.Timeline", "Unity.Timeline.csproj", "{B90210AD-FD6B-8688-A27B-684271B866B9}"
EndProject
Project("{FAE04EC0-301F-11D3-BF4B-00C04F79EFBC}") = "Unity.RenderPipelines.GPUDriven.Runtime", "Unity.RenderPipelines.GPUDriven.Runtime.csproj", "{D7A8FBC2-4738-4FEE-68BB-00A94F0CD64E}"
EndProject
Project("{FAE04EC0-301F-11D3-BF4B-00C04F79EFBC}") = "Unity.PlasticSCM.Editor", "Unity.PlasticSCM.Editor.csproj", "{698ABF40-AFD1-7FCA-A80B-C3DA866F91E2}"
EndProject
Project("{FAE04EC0-301F-11D3-BF4B-00C04F79EFBC}") = "Unity.ShaderGraph.Editor", "Unity.ShaderGraph.Editor.csproj", "{03F83F19-A916-DBC1-C225-318980A4A0DA}"
EndProject
Project("{FAE04EC0-301F-11D3-BF4B-00C04F79EFBC}") = "Unity.RenderPipelines.Core.Runtime", "Unity.RenderPipelines.Core.Runtime.csproj", "{139BD01D-F008-BA08-EE9E-3DE8208886A0}"
EndProject
Project("{FAE04EC0-301F-11D3-BF4B-00C04F79EFBC}") = "Unity.Mathematics", "Unity.Mathematics.csproj", "{DD536FDC-5716-0EA7-EC19-36C818AEA6B9}"
EndProject
Project("{FAE04EC0-301F-11D3-BF4B-00C04F79EFBC}") = "Unity.Timeline.Editor", "Unity.Timeline.Editor.csproj", "{4171C9DA-138D-CCB7-997F-7AAEE19D90A3}"
EndProject
Project("{FAE04EC0-301F-11D3-BF4B-00C04F79EFBC}") = "Unity.Multiplayer.Center.Editor", "Unity.Multiplayer.Center.Editor.csproj", "{D871653F-0F86-1386-B699-77A6EEF8BFD1}"
EndProject
Project("{FAE04EC0-301F-11D3-BF4B-00C04F79EFBC}") = "Unity.RenderPipelines.Core.Editor", "Unity.RenderPipelines.Core.Editor.csproj", "{0C41CBC6-E32A-80C6-5FB5-541C43A5E57B}"
EndProject
Project("{FAE04EC0-301F-11D3-BF4B-00C04F79EFBC}") = "Unity.Collections", "Unity.Collections.csproj", "{7489460D-9746-D562-E1A3-547E08D9EB04}"
EndProject
Project("{FAE04EC0-301F-11D3-BF4B-00C04F79EFBC}") = "UnityEngine.UI", "UnityEngine.UI.csproj", "{89154DDE-D9D8-0D7D-4ADE-8CFA0E5FFE66}"
EndProject
Project("{FAE04EC0-301F-11D3-BF4B-00C04F79EFBC}") = "Unity.RenderPipelines.Universal.2D.Runtime", "Unity.RenderPipelines.Universal.2D.Runtime.csproj", "{5C6D6EE6-EB15-0140-C935-BD7641E0079A}"
EndProject
Project("{FAE04EC0-301F-11D3-BF4B-00C04F79EFBC}") = "Unity.VisualScripting.Core.Editor", "Unity.VisualScripting.Core.Editor.csproj", "{293943DE-4D73-0823-21B9-FF8FE8E1A3B6}"
EndProject
Project("{FAE04EC0-301F-11D3-BF4B-00C04F79EFBC}") = "Unity.RenderPipelines.Universal.Editor", "Unity.RenderPipelines.Universal.Editor.csproj", "{ADC60F3F-72FC-8528-15AF-F0AE412F60E3}"
EndProject
Project("{FAE04EC0-301F-11D3-BF4B-00C04F79EFBC}") = "Unity.PerformanceTesting.Editor", "Unity.PerformanceTesting.Editor.csproj", "{9A91E12C-F2F0-F742-6CB6-2DA1E4090949}"
EndProject
Project("{FAE04EC0-301F-11D3-BF4B-00C04F79EFBC}") = "UnityEngine.TestRunner", "UnityEngine.TestRunner.csproj", "{4C11A8A4-2DFD-3154-F426-2D247632216B}"
EndProject
Project("{FAE04EC0-301F-11D3-BF4B-00C04F79EFBC}") = "Unity.Burst", "Unity.Burst.csproj", "{09934C3A-7462-D1FB-52B1-DD4EB420AEDB}"
EndProject
Project("{FAE04EC0-301F-11D3-BF4B-00C04F79EFBC}") = "Unity.VisualScripting.Flow.Editor", "Unity.VisualScripting.Flow.Editor.csproj", "{7016A10D-6D67-C203-ACDB-E427BE5DACD8}"
EndProject
Project("{FAE04EC0-301F-11D3-BF4B-00C04F79EFBC}") = "Unity.XR.Interaction.Toolkit", "Unity.XR.Interaction.Toolkit.csproj", "{6C8DF7AF-3E73-63F9-5748-792B20FF5CC6}"
EndProject
Project("{FAE04EC0-301F-11D3-BF4B-00C04F79EFBC}") = "Unity.VisualStudio.Editor", "Unity.VisualStudio.Editor.csproj", "{000721AB-12C8-4023-523B-330D2587CBFB}"
EndProject
Project("{FAE04EC0-301F-11D3-BF4B-00C04F79EFBC}") = "Unity.InputSystem", "Unity.InputSystem.csproj", "{61DDD9C8-5587-6DC6-9033-9AEA41781407}"
EndProject
Project("{FAE04EC0-301F-11D3-BF4B-00C04F79EFBC}") = "PPv2URPConverters", "PPv2URPConverters.csproj", "{960444ED-6ADA-7B02-8E41-37D8FC4A4188}"
EndProject
Project("{FAE04EC0-301F-11D3-BF4B-00C04F79EFBC}") = "Unity.XR.Interaction.Toolkit.Editor", "Unity.XR.Interaction.Toolkit.Editor.csproj", "{5327D4FF-CF0C-6F3A-FB0D-62DDFE54D08B}"
EndProject
Project("{FAE04EC0-301F-11D3-BF4B-00C04F79EFBC}") = "Unity.XR.OpenXR", "Unity.XR.OpenXR.csproj", "{3F3B85AC-FABB-D047-AA07-3AF8D2859016}"
EndProject
Project("{FAE04EC0-301F-11D3-BF4B-00C04F79EFBC}") = "Unity.XR.CoreUtils", "Unity.XR.CoreUtils.csproj", "{A062A33D-C8B9-5CB1-2CD7-CD119EECF928}"
EndProject
Project("{FAE04EC0-301F-11D3-BF4B-00C04F79EFBC}") = "Unity.Searcher.Editor", "Unity.Searcher.Editor.csproj", "{3042CBB6-85D8-3D51-96A1-1A759CED3A61}"
EndProject
Project("{FAE04EC0-301F-11D3-BF4B-00C04F79EFBC}") = "Ubiq", "Ubiq.csproj", "{587690DC-DB5D-D722-F419-F4ECB7FD8091}"
EndProject
Project("{FAE04EC0-301F-11D3-BF4B-00C04F79EFBC}") = "UnityEditor.TestRunner", "UnityEditor.TestRunner.csproj", "{6E734F6D-64BA-447F-33E3-AFFFD4A3898F}"
EndProject
Project("{FAE04EC0-301F-11D3-BF4B-00C04F79EFBC}") = "Unity.VisualScripting.Core", "Unity.VisualScripting.Core.csproj", "{987B1D83-BEC9-788D-E7D8-24587AD3BD38}"
EndProject
Project("{FAE04EC0-301F-11D3-BF4B-00C04F79EFBC}") = "Unity.RenderPipelines.Universal.Runtime", "Unity.RenderPipelines.Universal.Runtime.csproj", "{5A68C4C7-976E-4592-4F2E-F9ADA42C0E6F}"
EndProject
Project("{FAE04EC0-301F-11D3-BF4B-00C04F79EFBC}") = "Unity.CollabProxy.Editor", "Unity.CollabProxy.Editor.csproj", "{5780425E-689C-8994-5489-8F92784519AD}"
EndProject
Project("{FAE04EC0-301F-11D3-BF4B-00C04F79EFBC}") = "Unity.VisualScripting.State.Editor", "Unity.VisualScripting.State.Editor.csproj", "{F2F00D29-05F8-1D94-E571-44603CC5A387}"
EndProject
Project("{FAE04EC0-301F-11D3-BF4B-00C04F79EFBC}") = "Unity.AI.Navigation.Editor.ConversionSystem", "Unity.AI.Navigation.Editor.ConversionSystem.csproj", "{D13AC73C-ED56-D201-4CA0-701AB6E252DF}"
EndProject
Project("{FAE04EC0-301F-11D3-BF4B-00C04F79EFBC}") = "Unity.Burst.CodeGen", "Unity.Burst.CodeGen.csproj", "{5A7FD891-0C57-FE4C-EE23-35B9B9FEACA1}"
EndProject
Project("{FAE04EC0-301F-11D3-BF4B-00C04F79EFBC}") = "Unity.VisualScripting.Flow", "Unity.VisualScripting.Flow.csproj", "{430ACCAC-8E88-BDE3-BB61-2883D94FDFF2}"
EndProject
Project("{FAE04EC0-301F-11D3-BF4B-00C04F79EFBC}") = "Unity.PerformanceTesting", "Unity.PerformanceTesting.csproj", "{03AFD933-0C40-8CFE-D5E3-51C44AA48D40}"
EndProject
Project("{FAE04EC0-301F-11D3-BF4B-00C04F79EFBC}") = "Polyperfect.Universal", "Polyperfect.Universal.csproj", "{7A53388F-BF6A-BD0B-F228-E22879433230}"
EndProject
Project("{FAE04EC0-301F-11D3-BF4B-00C04F79EFBC}") = "Unity.TextMeshPro", "Unity.TextMeshPro.csproj", "{0F29B404-B061-ABBC-8F4F-EFEF75251809}"
EndProject
Project("{FAE04EC0-301F-11D3-BF4B-00C04F79EFBC}") = "Unity.TextMeshPro.Editor", "Unity.TextMeshPro.Editor.csproj", "{A2886C39-032F-939B-62A3-80615E0FF0FF}"
EndProject
Project("{FAE04EC0-301F-11D3-BF4B-00C04F79EFBC}") = "Unity.Rendering.LightTransport.Runtime", "Unity.Rendering.LightTransport.Runtime.csproj", "{71D2EA1E-5203-3A8B-B4A7-0DC0517C5F5D}"
EndProject
Project("{FAE04EC0-301F-11D3-BF4B-00C04F79EFBC}") = "Ubiq.Voip.Implementations.Unity", "Ubiq.Voip.Implementations.Unity.csproj", "{F98F9F2A-74D8-6D4C-FF58-A4A0D9CA3918}"
EndProject
Project("{FAE04EC0-301F-11D3-BF4B-00C04F79EFBC}") = "Unity.Burst.Editor", "Unity.Burst.Editor.csproj", "{3EE14B00-E2B5-EDB4-41F6-DFF017801D03}"
EndProject
Project("{FAE04EC0-301F-11D3-BF4B-00C04F79EFBC}") = "Unity.Rider.Editor", "Unity.Rider.Editor.csproj", "{D749E8F7-8B97-4DA0-7408-D9A57E5839AA}"
EndProject
Project("{FAE04EC0-301F-11D3-BF4B-00C04F79EFBC}") = "Unity.VisualScripting.State", "Unity.VisualScripting.State.csproj", "{010D12DE-087C-0DB2-3616-1AB803FF7908}"
EndProject
Project("{FAE04EC0-301F-11D3-BF4B-00C04F79EFBC}") = "Unity.AI.Navigation.Updater", "Unity.AI.Navigation.Updater.csproj", "{D715DB5B-2401-9822-BC7B-02EBDB330503}"
EndProject
Project("{FAE04EC0-301F-11D3-BF4B-00C04F79EFBC}") = "Ubiq.Logging.Utf8Json", "Ubiq.Logging.Utf8Json.csproj", "{6E41BFDE-D4A3-CF5E-0690-1254376B9283}"
EndProject
Project("{FAE04EC0-301F-11D3-BF4B-00C04F79EFBC}") = "Unity.XR.Management.Editor", "Unity.XR.Management.Editor.csproj", "{802690A4-EDFB-1EC1-0416-8B098CD2A25E}"
EndProject
Project("{FAE04EC0-301F-11D3-BF4B-00C04F79EFBC}") = "UnityEditor.UI", "UnityEditor.UI.csproj", "{9EDEADC0-E034-8DCC-58BF-68381864F1B7}"
EndProject
Project("{FAE04EC0-301F-11D3-BF4B-00C04F79EFBC}") = "Ubiq.Editor", "Ubiq.Editor.csproj", "{5A91AD4A-0B10-ED42-D851-9F58B5D3DCDA}"
EndProject
Project("{FAE04EC0-301F-11D3-BF4B-00C04F79EFBC}") = "Unity.WebRTC", "Unity.WebRTC.csproj", "{27BCD1DE-000A-4006-484B-94DF8FBBB718}"
EndProject
Project("{FAE04EC0-301F-11D3-BF4B-00C04F79EFBC}") = "Ubiq.XRI", "Ubiq.XRI.csproj", "{A9E0AF72-6FEB-0DDD-3E0C-9F93E6996103}"
EndProject
Project("{FAE04EC0-301F-11D3-BF4B-00C04F79EFBC}") = "Unity.XR.CoreUtils.Editor", "Unity.XR.CoreUtils.Editor.csproj", "{047DCC9D-6605-125A-9A08-EBA29B6304F3}"
EndProject
Project("{FAE04EC0-301F-11D3-BF4B-00C04F79EFBC}") = "Unity.AI.Navigation.Editor", "Unity.AI.Navigation.Editor.csproj", "{A9E6D973-E44A-E375-D356-E2C6CE89C0A9}"
EndProject
Project("{FAE04EC0-301F-11D3-BF4B-00C04F79EFBC}") = "Unity.XR.OpenXR.Editor", "Unity.XR.OpenXR.Editor.csproj", "{F4227C2F-B99E-4A62-A6D8-2B674DECD92E}"
EndProject
Project("{FAE04EC0-301F-11D3-BF4B-00C04F79EFBC}") = "Unity.Multiplayer.Center.Common", "Unity.Multiplayer.Center.Common.csproj", "{EBE35D99-659C-2136-459F-55C16B2B3022}"
EndProject
Project("{FAE04EC0-301F-11D3-BF4B-00C04F79EFBC}") = "Unity.XR.Interaction.Toolkit.Samples.Hands", "Unity.XR.Interaction.Toolkit.Samples.Hands.csproj", "{EBE2DA02-7FFF-4ABE-8720-91538F02EAB7}"
EndProject
Project("{FAE04EC0-301F-11D3-BF4B-00C04F79EFBC}") = "Unity.InputSystem.ForUI", "Unity.InputSystem.ForUI.csproj", "{F26E5F55-F1C9-626E-A669-5CEA9CFE95C7}"
EndProject
Project("{FAE04EC0-301F-11D3-BF4B-00C04F79EFBC}") = "Unity.XR.Hands", "Unity.XR.Hands.csproj", "{A05E798F-A847-20B7-F5C9-95ABCD99D788}"
EndProject
Project("{FAE04EC0-301F-11D3-BF4B-00C04F79EFBC}") = "Unity.WebRTC.Editor", "Unity.WebRTC.Editor.csproj", "{AB576A22-AF69-53DE-EC39-BF8AD43A79CC}"
EndProject
Project("{FAE04EC0-301F-11D3-BF4B-00C04F79EFBC}") = "Unity.AI.Navigation", "Unity.AI.Navigation.csproj", "{DB26A4D6-461E-8BB0-5C4D-35288DC61E81}"
EndProject
Project("{FAE04EC0-301F-11D3-BF4B-00C04F79EFBC}") = "Unity.Collections.CodeGen", "Unity.Collections.CodeGen.csproj", "{639D4124-9E90-2E44-40DC-5CAF2281E7E6}"
EndProject
Project("{FAE04EC0-301F-11D3-BF4B-00C04F79EFBC}") = "Unity.XR.Management", "Unity.XR.Management.csproj", "{1A1ECAD9-8F93-1EF9-F5DC-61185EB302B4}"
EndProject
Project("{FAE04EC0-301F-11D3-BF4B-00C04F79EFBC}") = "Unity.Mathematics.Editor", "Unity.Mathematics.Editor.csproj", "{CCF983AD-A441-1608-C903-DA429E59A9FC}"
EndProject
Project("{FAE04EC0-301F-11D3-BF4B-00C04F79EFBC}") = "Unity.VisualScripting.SettingsProvider.Editor", "Unity.VisualScripting.SettingsProvider.Editor.csproj", "{53C1B773-C488-291E-346B-C94A5DA7B66E}"
EndProject
Project("{FAE04EC0-301F-11D3-BF4B-00C04F79EFBC}") = "Unity.XR.Hands.Editor", "Unity.XR.Hands.Editor.csproj", "{EC39FA40-AE97-FCD2-004C-08519FCC17E1}"
EndProject
Project("{FAE04EC0-301F-11D3-BF4B-00C04F79EFBC}") = "Assembly-CSharp-Editor", "Assembly-CSharp-Editor.csproj", "{E8B35532-C62F-0068-4F12-18DD02A9CBC2}"
EndProject
Project("{FAE04EC0-301F-11D3-BF4B-00C04F79EFBC}") = "Unity.XR.OpenXR.Features.MetaQuestSupport.Editor", "Unity.XR.OpenXR.Features.MetaQuestSupport.Editor.csproj", "{EB605D38-CCBF-D4ED-4FF9-A5BE46E9FD13}"
EndProject
Project("{FAE04EC0-301F-11D3-BF4B-00C04F79EFBC}") = "Unity.InputSystem.TestFramework", "Unity.InputSystem.TestFramework.csproj", "{8D8D2270-5AFB-FB90-B73F-26BF5858EE49}"
EndProject
Project("{FAE04EC0-301F-11D3-BF4B-00C04F79EFBC}") = "UnityEditor.XR.LegacyInputHelpers", "UnityEditor.XR.LegacyInputHelpers.csproj", "{90AB943E-8037-F748-49F2-1C6E9B844BE9}"
EndProject
Project("{FAE04EC0-301F-11D3-BF4B-00C04F79EFBC}") = "Unity.ShaderGraph.Utilities", "Unity.ShaderGraph.Utilities.csproj", "{902A1E81-FAE1-D570-AEB7-9FC65DFED928}"
EndProject
Project("{FAE04EC0-301F-11D3-BF4B-00C04F79EFBC}") = "Unity.VisualScripting.Shared.Editor", "Unity.VisualScripting.Shared.Editor.csproj", "{234A0001-3E1F-9A2F-BB3F-976CD34D44D7}"
EndProject
Project("{FAE04EC0-301F-11D3-BF4B-00C04F79EFBC}") = "Unity.XR.OpenXR.Features.OculusQuestSupport.Editor", "Unity.XR.OpenXR.Features.OculusQuestSupport.Editor.csproj", "{41AF87EF-563A-0D1F-198E-465796F6A3CE}"
EndProject
Project("{FAE04EC0-301F-11D3-BF4B-00C04F79EFBC}") = "Unity.XR.Interaction.Toolkit.Samples.StarterAssets", "Unity.XR.Interaction.Toolkit.Samples.StarterAssets.csproj", "{EC4B7D7D-B5B3-56A3-5617-79DDEDAB6BAB}"
EndProject
Project("{FAE04EC0-301F-11D3-BF4B-00C04F79EFBC}") = "Unity.XR.OpenXR.Features.ConformanceAutomation", "Unity.XR.OpenXR.Features.ConformanceAutomation.csproj", "{04A707E9-FA37-9006-41C8-8F86C7FBFA79}"
EndProject
Project("{FAE04EC0-301F-11D3-BF4B-00C04F79EFBC}") = "Unity.EditorCoroutines.Editor", "Unity.EditorCoroutines.Editor.csproj", "{BAA8C5A6-CA04-26C8-89D7-7D9DA252F10F}"
EndProject
Project("{FAE04EC0-301F-11D3-BF4B-00C04F79EFBC}") = "Ubiq.Demo.Editor", "Ubiq.Demo.Editor.csproj", "{693AC7B8-4B75-9840-F09A-F357A9131246}"
EndProject
Project("{FAE04EC0-301F-11D3-BF4B-00C04F79EFBC}") = "Unity.XR.OpenXR.Features.MockRuntime", "Unity.XR.OpenXR.Features.MockRuntime.csproj", "{B992E56D-5CE8-07AF-F551-D08419C491D9}"
EndProject
Project("{FAE04EC0-301F-11D3-BF4B-00C04F79EFBC}") = "Unity.XR.Hands.Samples.VisualizerSample", "Unity.XR.Hands.Samples.VisualizerSample.csproj", "{42F1EB64-5FC8-F1FC-C098-F0D426AF7D4E}"
EndProject
Project("{FAE04EC0-301F-11D3-BF4B-00C04F79EFBC}") = "Unity.RenderPipeline.Universal.ShaderLibrary", "Unity.RenderPipeline.Universal.ShaderLibrary.csproj", "{49C61A97-FA5C-482E-ABAF-F4B108815178}"
EndProject
Project("{FAE04EC0-301F-11D3-BF4B-00C04F79EFBC}") = "Ubiq.Demo", "Ubiq.Demo.csproj", "{F8F9BB91-7835-83F3-C6A0-857DB7D215F6}"
EndProject
Project("{FAE04EC0-301F-11D3-BF4B-00C04F79EFBC}") = "Ubiq.XRHands", "Ubiq.XRHands.csproj", "{6998367D-6C5F-E57C-E9F3-32605C910ED9}"
EndProject
Project("{FAE04EC0-301F-11D3-BF4B-00C04F79EFBC}") = "Unity.XR.Interaction.Toolkit.Samples.DeviceSimulator", "Unity.XR.Interaction.Toolkit.Samples.DeviceSimulator.csproj", "{D50D5568-FBA7-6022-E396-A7C9C4C73DA9}"
EndProject
Project("{FAE04EC0-301F-11D3-BF4B-00C04F79EFBC}") = "UnityEngine.SpatialTracking", "UnityEngine.SpatialTracking.csproj", "{52EB266E-2F2A-C564-E469-8784B686A587}"
EndProject
Project("{FAE04EC0-301F-11D3-BF4B-00C04F79EFBC}") = "UnityEngine.XR.LegacyInputHelpers", "UnityEngine.XR.LegacyInputHelpers.csproj", "{DCC665A8-1299-235B-2E06-804F33AF6620}"
EndProject
Project("{FAE04EC0-301F-11D3-BF4B-00C04F79EFBC}") = "Assembly-CSharp", "Assembly-CSharp.csproj", "{CD66F02E-5A9F-26EE-F69D-331710F1363A}"
EndProject
Project("{FAE04EC0-301F-11D3-BF4B-00C04F79EFBC}") = "Unity.XR.Interaction.Toolkit.Samples.Hands.Editor", "Unity.XR.Interaction.Toolkit.Samples.Hands.Editor.csproj", "{AD9C4632-3FAD-3AEF-3D78-DF40039D1F54}"
EndProject
Project("{FAE04EC0-301F-11D3-BF4B-00C04F79EFBC}") = "Unity.Rendering.LightTransport.Editor", "Unity.Rendering.LightTransport.Editor.csproj", "{937B90D8-0227-BE3A-4C8C-7F2D1A89B688}"
EndProject
Project("{FAE04EC0-301F-11D3-BF4B-00C04F79EFBC}") = "Unity.InputSystem.DocCodeSamples", "Unity.InputSystem.DocCodeSamples.csproj", "{C4638E82-067F-4FF9-1C95-5A52E44197F4}"
EndProject
Project("{FAE04EC0-301F-11D3-BF4B-00C04F79EFBC}") = "Unity.RenderPipelines.Universal.Shaders", "Unity.RenderPipelines.Universal.Shaders.csproj", "{31BE07B3-1E67-A812-BB98-659DD9B0220F}"
EndProject
Project("{FAE04EC0-301F-11D3-BF4B-00C04F79EFBC}") = "Unity.RenderPipelines.Core.Runtime.Shared", "Unity.RenderPipelines.Core.Runtime.Shared.csproj", "{5E2EFCE8-8C60-FD26-9D15-6C52BD7B36A0}"
EndProject
Project("{FAE04EC0-301F-11D3-BF4B-00C04F79EFBC}") = "Unity.XR.OpenXR.Features.RuntimeDebugger.Editor", "Unity.XR.OpenXR.Features.RuntimeDebugger.Editor.csproj", "{559F765E-57FA-F161-D1F0-8794A62953B7}"
EndProject
Project("{FAE04EC0-301F-11D3-BF4B-00C04F79EFBC}") = "Ubiq.Editor.XRI", "Ubiq.Editor.XRI.csproj", "{4D2F6822-2651-9739-7C8C-266AE3429A46}"
EndProject
Project("{FAE04EC0-301F-11D3-BF4B-00C04F79EFBC}") = "Unity.XR.Interaction.Toolkit.Samples.StarterAssets.Editor", "Unity.XR.Interaction.Toolkit.Samples.StarterAssets.Editor.csproj", "{5A8CD8ED-5E38-74A5-8413-6903EB66DC2D}"
EndProject
Project("{FAE04EC0-301F-11D3-BF4B-00C04F79EFBC}") = "Ubiq.WebXR", "Ubiq.WebXR.csproj", "{94DDAF26-5349-580A-D2C1-5952A34A5CF0}"
EndProject
Project("{FAE04EC0-301F-11D3-BF4B-00C04F79EFBC}") = "Unity.XR.OpenXR.Features.OculusQuestSupport", "Unity.XR.OpenXR.Features.OculusQuestSupport.csproj", "{1BB1B84C-F98A-AA86-3685-A9666CD822B8}"
EndProject
Project("{FAE04EC0-301F-11D3-BF4B-00C04F79EFBC}") = "Ubiq.Voip.Implementations", "Ubiq.Voip.Implementations.csproj", "{77D7AE9A-D1F4-8BC1-30C4-875219B51228}"
EndProject
Project("{FAE04EC0-301F-11D3-BF4B-00C04F79EFBC}") = "UnityEditor.SpatialTracking", "UnityEditor.SpatialTracking.csproj", "{F5BA2A43-AEBB-E64D-4861-7AC26697C12A}"
EndProject
Project("{FAE04EC0-301F-11D3-BF4B-00C04F79EFBC}") = "Unity.XR.OpenXR.Features.RuntimeDebugger", "Unity.XR.OpenXR.Features.RuntimeDebugger.csproj", "{BA8568BB-35A1-C5C5-B37D-B98A6089C1BD}"
EndProject
Project("{FAE04EC0-301F-11D3-BF4B-00C04F79EFBC}") = "Unity.XR.OpenXR.Features.MetaQuestSupport", "Unity.XR.OpenXR.Features.MetaQuestSupport.csproj", "{41765D73-3078-3912-F6E6-0619DF3BFE4A}"
EndProject
Project("{FAE04EC0-301F-11D3-BF4B-00C04F79EFBC}") = "Unity.Collections.Editor", "Unity.Collections.Editor.csproj", "{6D8E272F-43C3-183E-E36C-94FF200A19AC}"
EndProject
Project("{FAE04EC0-301F-11D3-BF4B-00C04F79EFBC}") = "Unity.RenderPipelines.Universal.Config.Runtime", "Unity.RenderPipelines.Universal.Config.Runtime.csproj", "{73FCDD6A-B723-5E8A-DBE7-88CC78746ADE}"
EndProject
Project("{FAE04EC0-301F-11D3-BF4B-00C04F79EFBC}") = "Unity.RenderPipelines.ShaderGraph.ShaderGraphLibrary", "Unity.RenderPipelines.ShaderGraph.ShaderGraphLibrary.csproj", "{5AD8CB52-BB65-0686-2925-9E0E6696699C}"
EndProject
Project("{FAE04EC0-301F-11D3-BF4B-00C04F79EFBC}") = "Unity.RenderPipelines.Core.ShaderLibrary", "Unity.RenderPipelines.Core.ShaderLibrary.csproj", "{B73D2EDB-4E73-07E0-21C1-8FC43803B345}"
EndProject
Project("{FAE04EC0-301F-11D3-BF4B-00C04F79EFBC}") = "Unity.RenderPipelines.Core.Editor.Shared", "Unity.RenderPipelines.Core.Editor.Shared.csproj", "{F1D84DBA-B1DC-7192-DA13-2D5B7AACABED}"
EndProject
Project("{FAE04EC0-301F-11D3-BF4B-00C04F79EFBC}") = "Unity.Timeline", "Unity.Timeline.Player.csproj", "{B28549BA-D8FA-B929-03BD-347C22C91FD2}"
EndProject
Project("{FAE04EC0-301F-11D3-BF4B-00C04F79EFBC}") = "Unity.RenderPipelines.GPUDriven.Runtime", "Unity.RenderPipelines.GPUDriven.Runtime.Player.csproj", "{7FC459EC-48E7-B390-57D7-71D4C8E6F641}"
EndProject
Project("{FAE04EC0-301F-11D3-BF4B-00C04F79EFBC}") = "Unity.RenderPipelines.Core.Runtime", "Unity.RenderPipelines.Core.Runtime.Player.csproj", "{1E66DE2F-5088-6198-F89B-69A6C6A05423}"
EndProject
Project("{FAE04EC0-301F-11D3-BF4B-00C04F79EFBC}") = "Unity.Mathematics", "Unity.Mathematics.Player.csproj", "{4B1150A4-B96F-CF0A-9A04-C122E6915328}"
EndProject
Project("{FAE04EC0-301F-11D3-BF4B-00C04F79EFBC}") = "Unity.Collections", "Unity.Collections.Player.csproj", "{02C12231-4EA0-76D9-0F95-41E61BE14421}"
EndProject
Project("{FAE04EC0-301F-11D3-BF4B-00C04F79EFBC}") = "UnityEngine.UI", "UnityEngine.UI.Player.csproj", "{16506336-3443-A392-0DCA-429A42F55223}"
EndProject
Project("{FAE04EC0-301F-11D3-BF4B-00C04F79EFBC}") = "Unity.RenderPipelines.Universal.2D.Runtime", "Unity.RenderPipelines.Universal.2D.Runtime.Player.csproj", "{782CDE0C-B292-D21F-6FD1-B01CBE381C56}"
EndProject
Project("{FAE04EC0-301F-11D3-BF4B-00C04F79EFBC}") = "UnityEngine.TestRunner", "UnityEngine.TestRunner.Player.csproj", "{A5B224FA-A3E7-16CA-4B4B-C0FDDFB49C86}"
EndProject
Project("{FAE04EC0-301F-11D3-BF4B-00C04F79EFBC}") = "Unity.Burst", "Unity.Burst.Player.csproj", "{210EDF7C-D418-FCFE-68F1-0C7B5A19EB42}"
EndProject
Project("{FAE04EC0-301F-11D3-BF4B-00C04F79EFBC}") = "Unity.XR.Interaction.Toolkit", "Unity.XR.Interaction.Toolkit.Player.csproj", "{07522026-42A0-8AED-42A0-AEF30D9EF255}"
EndProject
Project("{FAE04EC0-301F-11D3-BF4B-00C04F79EFBC}") = "Unity.InputSystem", "Unity.InputSystem.Player.csproj", "{D4801C30-1F47-D75F-B229-8A17B1FA21B8}"
EndProject
Project("{FAE04EC0-301F-11D3-BF4B-00C04F79EFBC}") = "Unity.XR.OpenXR", "Unity.XR.OpenXR.Player.csproj", "{CAF5B4CD-406A-5459-9394-FCC64CE47EEA}"
EndProject
Project("{FAE04EC0-301F-11D3-BF4B-00C04F79EFBC}") = "Unity.XR.CoreUtils", "Unity.XR.CoreUtils.Player.csproj", "{F8529F0D-D4E2-E102-BB7A-CDD7B07A4602}"
EndProject
Project("{FAE04EC0-301F-11D3-BF4B-00C04F79EFBC}") = "Ubiq", "Ubiq.Player.csproj", "{95AF6E18-0081-6326-DB2A-D245CAF18709}"
EndProject
Project("{FAE04EC0-301F-11D3-BF4B-00C04F79EFBC}") = "Unity.VisualScripting.Core", "Unity.VisualScripting.Core.Player.csproj", "{D825A89D-2F3D-15FD-03BE-A73CE93B3549}"
EndProject
Project("{FAE04EC0-301F-11D3-BF4B-00C04F79EFBC}") = "Unity.RenderPipelines.Universal.Runtime", "Unity.RenderPipelines.Universal.Runtime.Player.csproj", "{758D3744-5745-6B68-AF7B-B1038BB3D158}"
EndProject
Project("{FAE04EC0-301F-11D3-BF4B-00C04F79EFBC}") = "Unity.VisualScripting.Flow", "Unity.VisualScripting.Flow.Player.csproj", "{FD87B386-C30F-9173-F98C-7F7B84488536}"
EndProject
Project("{FAE04EC0-301F-11D3-BF4B-00C04F79EFBC}") = "Unity.PerformanceTesting", "Unity.PerformanceTesting.Player.csproj", "{AA23CA0C-E393-2AE4-CCEA-6CB8BE619A78}"
EndProject
Project("{FAE04EC0-301F-11D3-BF4B-00C04F79EFBC}") = "Polyperfect.Universal", "Polyperfect.Universal.Player.csproj", "{691EE5D5-737E-8379-9A9C-736FFBF128EB}"
EndProject
Project("{FAE04EC0-301F-11D3-BF4B-00C04F79EFBC}") = "Unity.TextMeshPro", "Unity.TextMeshPro.Player.csproj", "{7BD611A4-F4EC-F6AA-7CCD-CDFB07AD66AB}"
EndProject
Project("{FAE04EC0-301F-11D3-BF4B-00C04F79EFBC}") = "Unity.Rendering.LightTransport.Runtime", "Unity.Rendering.LightTransport.Runtime.Player.csproj", "{610218F7-7FE6-2F39-E076-B8741C7DCA48}"
EndProject
Project("{FAE04EC0-301F-11D3-BF4B-00C04F79EFBC}") = "Ubiq.Voip.Implementations.Unity", "Ubiq.Voip.Implementations.Unity.Player.csproj", "{D30D196B-768A-550E-4842-D0B71858F89D}"
EndProject
Project("{FAE04EC0-301F-11D3-BF4B-00C04F79EFBC}") = "Unity.VisualScripting.State", "Unity.VisualScripting.State.Player.csproj", "{D1783ADE-A8B8-2E58-56BB-905788BE97B0}"
EndProject
Project("{FAE04EC0-301F-11D3-BF4B-00C04F79EFBC}") = "Ubiq.Logging.Utf8Json", "Ubiq.Logging.Utf8Json.Player.csproj", "{E64C3C14-0E37-1D39-C2BF-A01227EDAA22}"
EndProject
Project("{FAE04EC0-301F-11D3-BF4B-00C04F79EFBC}") = "Unity.WebRTC", "Unity.WebRTC.Player.csproj", "{D5456F70-7715-92E1-50C2-6DF743F69E40}"
EndProject
Project("{FAE04EC0-301F-11D3-BF4B-00C04F79EFBC}") = "Ubiq.XRI", "Ubiq.XRI.Player.csproj", "{8FA9E00D-B113-1878-9A22-FCF97363FC94}"
EndProject
Project("{FAE04EC0-301F-11D3-BF4B-00C04F79EFBC}") = "Unity.Multiplayer.Center.Common", "Unity.Multiplayer.Center.Common.Player.csproj", "{E28F0EE0-2CC3-1616-783B-EC6CAA3ADADB}"
EndProject
Project("{FAE04EC0-301F-11D3-BF4B-00C04F79EFBC}") = "Unity.XR.Interaction.Toolkit.Samples.Hands", "Unity.XR.Interaction.Toolkit.Samples.Hands.Player.csproj", "{3CCFFC15-EDC0-6B32-D937-E9E4890DB821}"
EndProject
Project("{FAE04EC0-301F-11D3-BF4B-00C04F79EFBC}") = "Unity.InputSystem.ForUI", "Unity.InputSystem.ForUI.Player.csproj", "{06D2A4CA-97D5-B394-A00E-CF181F6633C4}"
EndProject
Project("{FAE04EC0-301F-11D3-BF4B-00C04F79EFBC}") = "Unity.XR.Hands", "Unity.XR.Hands.Player.csproj", "{78222627-3FC2-3AB7-FB6A-F32F982283C7}"
EndProject
Project("{FAE04EC0-301F-11D3-BF4B-00C04F79EFBC}") = "Unity.AI.Navigation", "Unity.AI.Navigation.Player.csproj", "{EE0F6446-540E-57F9-C683-89D3150151AC}"
EndProject
Project("{FAE04EC0-301F-11D3-BF4B-00C04F79EFBC}") = "Unity.XR.Management", "Unity.XR.Management.Player.csproj", "{DF0503EC-83FB-67F8-E0CB-D841A86B7BCB}"
EndProject
Project("{FAE04EC0-301F-11D3-BF4B-00C04F79EFBC}") = "Unity.InputSystem.TestFramework", "Unity.InputSystem.TestFramework.Player.csproj", "{205A72C7-D6C2-6FCF-BE8D-7A9279B8E4F9}"
EndProject
Project("{FAE04EC0-301F-11D3-BF4B-00C04F79EFBC}") = "Unity.XR.Interaction.Toolkit.Samples.StarterAssets", "Unity.XR.Interaction.Toolkit.Samples.StarterAssets.Player.csproj", "{601B2AD6-915E-DD77-8232-C31663B408FC}"
EndProject
Project("{FAE04EC0-301F-11D3-BF4B-00C04F79EFBC}") = "Unity.XR.OpenXR.Features.ConformanceAutomation", "Unity.XR.OpenXR.Features.ConformanceAutomation.Player.csproj", "{FEC24AB7-6CDA-AC22-AFB0-5BB0AC8A6D43}"
EndProject
Project("{FAE04EC0-301F-11D3-BF4B-00C04F79EFBC}") = "Unity.XR.OpenXR.Features.MockRuntime", "Unity.XR.OpenXR.Features.MockRuntime.Player.csproj", "{B594ADA5-86CC-097D-D76C-F8A77C192F72}"
EndProject
Project("{FAE04EC0-301F-11D3-BF4B-00C04F79EFBC}") = "Unity.XR.Hands.Samples.VisualizerSample", "Unity.XR.Hands.Samples.VisualizerSample.Player.csproj", "{EBFB18C3-37B0-820D-F729-F36C23BD3DA8}"
EndProject
Project("{FAE04EC0-301F-11D3-BF4B-00C04F79EFBC}") = "Unity.RenderPipeline.Universal.ShaderLibrary", "Unity.RenderPipeline.Universal.ShaderLibrary.Player.csproj", "{6315D685-57A2-B6FF-57B2-1C163305BF0E}"
EndProject
Project("{FAE04EC0-301F-11D3-BF4B-00C04F79EFBC}") = "Ubiq.Demo", "Ubiq.Demo.Player.csproj", "{602E8B50-36B8-5DA7-1B1C-37C9341302CB}"
EndProject
Project("{FAE04EC0-301F-11D3-BF4B-00C04F79EFBC}") = "Ubiq.XRHands", "Ubiq.XRHands.Player.csproj", "{AC44CE8E-DD37-DCE9-C28F-1D44AF0E6ABE}"
EndProject
Project("{FAE04EC0-301F-11D3-BF4B-00C04F79EFBC}") = "Unity.XR.Interaction.Toolkit.Samples.DeviceSimulator", "Unity.XR.Interaction.Toolkit.Samples.DeviceSimulator.Player.csproj", "{C618679B-DDDD-1FF6-D3C6-33E65F799B3D}"
EndProject
Project("{FAE04EC0-301F-11D3-BF4B-00C04F79EFBC}") = "UnityEngine.SpatialTracking", "UnityEngine.SpatialTracking.Player.csproj", "{D5AE0EA5-563B-609E-49A9-21D8F4E1F77E}"
EndProject
Project("{FAE04EC0-301F-11D3-BF4B-00C04F79EFBC}") = "UnityEngine.XR.LegacyInputHelpers", "UnityEngine.XR.LegacyInputHelpers.Player.csproj", "{83045203-5210-04FC-A355-61A137AD21C0}"
EndProject
Project("{FAE04EC0-301F-11D3-BF4B-00C04F79EFBC}") = "Assembly-CSharp", "Assembly-CSharp.Player.csproj", "{83C5A068-74EF-C92D-75B6-AE68B62CBE06}"
EndProject
Project("{FAE04EC0-301F-11D3-BF4B-00C04F79EFBC}") = "Unity.RenderPipelines.Universal.Shaders", "Unity.RenderPipelines.Universal.Shaders.Player.csproj", "{B075F1DD-5B25-CE30-98AE-1FA695654102}"
EndProject
Project("{FAE04EC0-301F-11D3-BF4B-00C04F79EFBC}") = "Unity.RenderPipelines.Core.Runtime.Shared", "Unity.RenderPipelines.Core.Runtime.Shared.Player.csproj", "{35776661-312D-53CC-2E7E-8F7EF588DAF8}"
EndProject
Project("{FAE04EC0-301F-11D3-BF4B-00C04F79EFBC}") = "Ubiq.WebXR", "Ubiq.WebXR.Player.csproj", "{71D3368C-7608-D587-3269-9812C610C08E}"
EndProject
Project("{FAE04EC0-301F-11D3-BF4B-00C04F79EFBC}") = "Unity.XR.OpenXR.Features.OculusQuestSupport", "Unity.XR.OpenXR.Features.OculusQuestSupport.Player.csproj", "{2DD940E0-21EC-C856-1A62-54D7F0B6D23E}"
EndProject
Project("{FAE04EC0-301F-11D3-BF4B-00C04F79EFBC}") = "Ubiq.Voip.Implementations", "Ubiq.Voip.Implementations.Player.csproj", "{E2E3726E-2F33-3B7B-AD67-3119E63EC240}"
EndProject
Project("{FAE04EC0-301F-11D3-BF4B-00C04F79EFBC}") = "Unity.XR.OpenXR.Features.RuntimeDebugger", "Unity.XR.OpenXR.Features.RuntimeDebugger.Player.csproj", "{E42CA053-74E9-EA39-5D32-B98AB5A2F9B9}"
EndProject
Project("{FAE04EC0-301F-11D3-BF4B-00C04F79EFBC}") = "Unity.XR.OpenXR.Features.MetaQuestSupport", "Unity.XR.OpenXR.Features.MetaQuestSupport.Player.csproj", "{4DF3FEE8-92B2-C80B-A3F9-FBB295B20282}"
EndProject
Project("{FAE04EC0-301F-11D3-BF4B-00C04F79EFBC}") = "Unity.RenderPipelines.Universal.Config.Runtime", "Unity.RenderPipelines.Universal.Config.Runtime.Player.csproj", "{05CDCD41-229B-09B2-5BFE-52EB0B18525C}"
EndProject
Project("{FAE04EC0-301F-11D3-BF4B-00C04F79EFBC}") = "Unity.RenderPipelines.ShaderGraph.ShaderGraphLibrary", "Unity.RenderPipelines.ShaderGraph.ShaderGraphLibrary.Player.csproj", "{840545BF-FC03-77CB-A9EA-C671F13CBFF1}"
EndProject
Project("{FAE04EC0-301F-11D3-BF4B-00C04F79EFBC}") = "Unity.RenderPipelines.Core.ShaderLibrary", "Unity.RenderPipelines.Core.ShaderLibrary.Player.csproj", "{08CD19FF-BC28-AE70-8303-0BAA51172434}"
EndProject
Global
	GlobalSection(SolutionConfigurationPlatforms) = preSolution
		Debug|Any CPU = Debug|Any CPU
		Release|Any CPU = Release|Any CPU
	EndGlobalSection
	GlobalSection(ProjectConfigurationPlatforms) = postSolution
		{B90210AD-FD6B-8688-A27B-684271B866B9}.Debug|Any CPU.ActiveCfg = Debug|Any CPU
		{B90210AD-FD6B-8688-A27B-684271B866B9}.Debug|Any CPU.Build.0 = Debug|Any CPU
		{B90210AD-FD6B-8688-A27B-684271B866B9}.Release|Any CPU.ActiveCfg = Release|Any CPU
		{B90210AD-FD6B-8688-A27B-684271B866B9}.Release|Any CPU.Build.0 = Release|Any CPU
		{D7A8FBC2-4738-4FEE-68BB-00A94F0CD64E}.Debug|Any CPU.ActiveCfg = Debug|Any CPU
		{D7A8FBC2-4738-4FEE-68BB-00A94F0CD64E}.Debug|Any CPU.Build.0 = Debug|Any CPU
		{D7A8FBC2-4738-4FEE-68BB-00A94F0CD64E}.Release|Any CPU.ActiveCfg = Release|Any CPU
		{D7A8FBC2-4738-4FEE-68BB-00A94F0CD64E}.Release|Any CPU.Build.0 = Release|Any CPU
		{698ABF40-AFD1-7FCA-A80B-C3DA866F91E2}.Debug|Any CPU.ActiveCfg = Debug|Any CPU
		{698ABF40-AFD1-7FCA-A80B-C3DA866F91E2}.Debug|Any CPU.Build.0 = Debug|Any CPU
		{698ABF40-AFD1-7FCA-A80B-C3DA866F91E2}.Release|Any CPU.ActiveCfg = Release|Any CPU
		{698ABF40-AFD1-7FCA-A80B-C3DA866F91E2}.Release|Any CPU.Build.0 = Release|Any CPU
		{03F83F19-A916-DBC1-C225-318980A4A0DA}.Debug|Any CPU.ActiveCfg = Debug|Any CPU
		{03F83F19-A916-DBC1-C225-318980A4A0DA}.Debug|Any CPU.Build.0 = Debug|Any CPU
		{03F83F19-A916-DBC1-C225-318980A4A0DA}.Release|Any CPU.ActiveCfg = Release|Any CPU
		{03F83F19-A916-DBC1-C225-318980A4A0DA}.Release|Any CPU.Build.0 = Release|Any CPU
		{139BD01D-F008-BA08-EE9E-3DE8208886A0}.Debug|Any CPU.ActiveCfg = Debug|Any CPU
		{139BD01D-F008-BA08-EE9E-3DE8208886A0}.Debug|Any CPU.Build.0 = Debug|Any CPU
		{139BD01D-F008-BA08-EE9E-3DE8208886A0}.Release|Any CPU.ActiveCfg = Release|Any CPU
		{139BD01D-F008-BA08-EE9E-3DE8208886A0}.Release|Any CPU.Build.0 = Release|Any CPU
		{DD536FDC-5716-0EA7-EC19-36C818AEA6B9}.Debug|Any CPU.ActiveCfg = Debug|Any CPU
		{DD536FDC-5716-0EA7-EC19-36C818AEA6B9}.Debug|Any CPU.Build.0 = Debug|Any CPU
		{DD536FDC-5716-0EA7-EC19-36C818AEA6B9}.Release|Any CPU.ActiveCfg = Release|Any CPU
		{DD536FDC-5716-0EA7-EC19-36C818AEA6B9}.Release|Any CPU.Build.0 = Release|Any CPU
		{4171C9DA-138D-CCB7-997F-7AAEE19D90A3}.Debug|Any CPU.ActiveCfg = Debug|Any CPU
		{4171C9DA-138D-CCB7-997F-7AAEE19D90A3}.Debug|Any CPU.Build.0 = Debug|Any CPU
		{4171C9DA-138D-CCB7-997F-7AAEE19D90A3}.Release|Any CPU.ActiveCfg = Release|Any CPU
		{4171C9DA-138D-CCB7-997F-7AAEE19D90A3}.Release|Any CPU.Build.0 = Release|Any CPU
		{D871653F-0F86-1386-B699-77A6EEF8BFD1}.Debug|Any CPU.ActiveCfg = Debug|Any CPU
		{D871653F-0F86-1386-B699-77A6EEF8BFD1}.Debug|Any CPU.Build.0 = Debug|Any CPU
		{D871653F-0F86-1386-B699-77A6EEF8BFD1}.Release|Any CPU.ActiveCfg = Release|Any CPU
		{D871653F-0F86-1386-B699-77A6EEF8BFD1}.Release|Any CPU.Build.0 = Release|Any CPU
		{0C41CBC6-E32A-80C6-5FB5-541C43A5E57B}.Debug|Any CPU.ActiveCfg = Debug|Any CPU
		{0C41CBC6-E32A-80C6-5FB5-541C43A5E57B}.Debug|Any CPU.Build.0 = Debug|Any CPU
		{0C41CBC6-E32A-80C6-5FB5-541C43A5E57B}.Release|Any CPU.ActiveCfg = Release|Any CPU
		{0C41CBC6-E32A-80C6-5FB5-541C43A5E57B}.Release|Any CPU.Build.0 = Release|Any CPU
		{7489460D-9746-D562-E1A3-547E08D9EB04}.Debug|Any CPU.ActiveCfg = Debug|Any CPU
		{7489460D-9746-D562-E1A3-547E08D9EB04}.Debug|Any CPU.Build.0 = Debug|Any CPU
		{7489460D-9746-D562-E1A3-547E08D9EB04}.Release|Any CPU.ActiveCfg = Release|Any CPU
		{7489460D-9746-D562-E1A3-547E08D9EB04}.Release|Any CPU.Build.0 = Release|Any CPU
		{89154DDE-D9D8-0D7D-4ADE-8CFA0E5FFE66}.Debug|Any CPU.ActiveCfg = Debug|Any CPU
		{89154DDE-D9D8-0D7D-4ADE-8CFA0E5FFE66}.Debug|Any CPU.Build.0 = Debug|Any CPU
		{89154DDE-D9D8-0D7D-4ADE-8CFA0E5FFE66}.Release|Any CPU.ActiveCfg = Release|Any CPU
		{89154DDE-D9D8-0D7D-4ADE-8CFA0E5FFE66}.Release|Any CPU.Build.0 = Release|Any CPU
		{5C6D6EE6-EB15-0140-C935-BD7641E0079A}.Debug|Any CPU.ActiveCfg = Debug|Any CPU
		{5C6D6EE6-EB15-0140-C935-BD7641E0079A}.Debug|Any CPU.Build.0 = Debug|Any CPU
		{5C6D6EE6-EB15-0140-C935-BD7641E0079A}.Release|Any CPU.ActiveCfg = Release|Any CPU
		{5C6D6EE6-EB15-0140-C935-BD7641E0079A}.Release|Any CPU.Build.0 = Release|Any CPU
		{293943DE-4D73-0823-21B9-FF8FE8E1A3B6}.Debug|Any CPU.ActiveCfg = Debug|Any CPU
		{293943DE-4D73-0823-21B9-FF8FE8E1A3B6}.Debug|Any CPU.Build.0 = Debug|Any CPU
		{293943DE-4D73-0823-21B9-FF8FE8E1A3B6}.Release|Any CPU.ActiveCfg = Release|Any CPU
		{293943DE-4D73-0823-21B9-FF8FE8E1A3B6}.Release|Any CPU.Build.0 = Release|Any CPU
		{ADC60F3F-72FC-8528-15AF-F0AE412F60E3}.Debug|Any CPU.ActiveCfg = Debug|Any CPU
		{ADC60F3F-72FC-8528-15AF-F0AE412F60E3}.Debug|Any CPU.Build.0 = Debug|Any CPU
		{ADC60F3F-72FC-8528-15AF-F0AE412F60E3}.Release|Any CPU.ActiveCfg = Release|Any CPU
		{ADC60F3F-72FC-8528-15AF-F0AE412F60E3}.Release|Any CPU.Build.0 = Release|Any CPU
		{9A91E12C-F2F0-F742-6CB6-2DA1E4090949}.Debug|Any CPU.ActiveCfg = Debug|Any CPU
		{9A91E12C-F2F0-F742-6CB6-2DA1E4090949}.Debug|Any CPU.Build.0 = Debug|Any CPU
		{9A91E12C-F2F0-F742-6CB6-2DA1E4090949}.Release|Any CPU.ActiveCfg = Release|Any CPU
		{9A91E12C-F2F0-F742-6CB6-2DA1E4090949}.Release|Any CPU.Build.0 = Release|Any CPU
		{4C11A8A4-2DFD-3154-F426-2D247632216B}.Debug|Any CPU.ActiveCfg = Debug|Any CPU
		{4C11A8A4-2DFD-3154-F426-2D247632216B}.Debug|Any CPU.Build.0 = Debug|Any CPU
		{4C11A8A4-2DFD-3154-F426-2D247632216B}.Release|Any CPU.ActiveCfg = Release|Any CPU
		{4C11A8A4-2DFD-3154-F426-2D247632216B}.Release|Any CPU.Build.0 = Release|Any CPU
		{09934C3A-7462-D1FB-52B1-DD4EB420AEDB}.Debug|Any CPU.ActiveCfg = Debug|Any CPU
		{09934C3A-7462-D1FB-52B1-DD4EB420AEDB}.Debug|Any CPU.Build.0 = Debug|Any CPU
		{09934C3A-7462-D1FB-52B1-DD4EB420AEDB}.Release|Any CPU.ActiveCfg = Release|Any CPU
		{09934C3A-7462-D1FB-52B1-DD4EB420AEDB}.Release|Any CPU.Build.0 = Release|Any CPU
		{7016A10D-6D67-C203-ACDB-E427BE5DACD8}.Debug|Any CPU.ActiveCfg = Debug|Any CPU
		{7016A10D-6D67-C203-ACDB-E427BE5DACD8}.Debug|Any CPU.Build.0 = Debug|Any CPU
		{7016A10D-6D67-C203-ACDB-E427BE5DACD8}.Release|Any CPU.ActiveCfg = Release|Any CPU
		{7016A10D-6D67-C203-ACDB-E427BE5DACD8}.Release|Any CPU.Build.0 = Release|Any CPU
		{6C8DF7AF-3E73-63F9-5748-792B20FF5CC6}.Debug|Any CPU.ActiveCfg = Debug|Any CPU
		{6C8DF7AF-3E73-63F9-5748-792B20FF5CC6}.Debug|Any CPU.Build.0 = Debug|Any CPU
		{6C8DF7AF-3E73-63F9-5748-792B20FF5CC6}.Release|Any CPU.ActiveCfg = Release|Any CPU
		{6C8DF7AF-3E73-63F9-5748-792B20FF5CC6}.Release|Any CPU.Build.0 = Release|Any CPU
		{000721AB-12C8-4023-523B-330D2587CBFB}.Debug|Any CPU.ActiveCfg = Debug|Any CPU
		{000721AB-12C8-4023-523B-330D2587CBFB}.Debug|Any CPU.Build.0 = Debug|Any CPU
		{000721AB-12C8-4023-523B-330D2587CBFB}.Release|Any CPU.ActiveCfg = Release|Any CPU
		{000721AB-12C8-4023-523B-330D2587CBFB}.Release|Any CPU.Build.0 = Release|Any CPU
		{61DDD9C8-5587-6DC6-9033-9AEA41781407}.Debug|Any CPU.ActiveCfg = Debug|Any CPU
		{61DDD9C8-5587-6DC6-9033-9AEA41781407}.Debug|Any CPU.Build.0 = Debug|Any CPU
		{61DDD9C8-5587-6DC6-9033-9AEA41781407}.Release|Any CPU.ActiveCfg = Release|Any CPU
		{61DDD9C8-5587-6DC6-9033-9AEA41781407}.Release|Any CPU.Build.0 = Release|Any CPU
		{960444ED-6ADA-7B02-8E41-37D8FC4A4188}.Debug|Any CPU.ActiveCfg = Debug|Any CPU
		{960444ED-6ADA-7B02-8E41-37D8FC4A4188}.Debug|Any CPU.Build.0 = Debug|Any CPU
		{960444ED-6ADA-7B02-8E41-37D8FC4A4188}.Release|Any CPU.ActiveCfg = Release|Any CPU
		{960444ED-6ADA-7B02-8E41-37D8FC4A4188}.Release|Any CPU.Build.0 = Release|Any CPU
		{5327D4FF-CF0C-6F3A-FB0D-62DDFE54D08B}.Debug|Any CPU.ActiveCfg = Debug|Any CPU
		{5327D4FF-CF0C-6F3A-FB0D-62DDFE54D08B}.Debug|Any CPU.Build.0 = Debug|Any CPU
		{5327D4FF-CF0C-6F3A-FB0D-62DDFE54D08B}.Release|Any CPU.ActiveCfg = Release|Any CPU
		{5327D4FF-CF0C-6F3A-FB0D-62DDFE54D08B}.Release|Any CPU.Build.0 = Release|Any CPU
		{3F3B85AC-FABB-D047-AA07-3AF8D2859016}.Debug|Any CPU.ActiveCfg = Debug|Any CPU
		{3F3B85AC-FABB-D047-AA07-3AF8D2859016}.Debug|Any CPU.Build.0 = Debug|Any CPU
		{3F3B85AC-FABB-D047-AA07-3AF8D2859016}.Release|Any CPU.ActiveCfg = Release|Any CPU
		{3F3B85AC-FABB-D047-AA07-3AF8D2859016}.Release|Any CPU.Build.0 = Release|Any CPU
		{A062A33D-C8B9-5CB1-2CD7-CD119EECF928}.Debug|Any CPU.ActiveCfg = Debug|Any CPU
		{A062A33D-C8B9-5CB1-2CD7-CD119EECF928}.Debug|Any CPU.Build.0 = Debug|Any CPU
		{A062A33D-C8B9-5CB1-2CD7-CD119EECF928}.Release|Any CPU.ActiveCfg = Release|Any CPU
		{A062A33D-C8B9-5CB1-2CD7-CD119EECF928}.Release|Any CPU.Build.0 = Release|Any CPU
		{3042CBB6-85D8-3D51-96A1-1A759CED3A61}.Debug|Any CPU.ActiveCfg = Debug|Any CPU
		{3042CBB6-85D8-3D51-96A1-1A759CED3A61}.Debug|Any CPU.Build.0 = Debug|Any CPU
		{3042CBB6-85D8-3D51-96A1-1A759CED3A61}.Release|Any CPU.ActiveCfg = Release|Any CPU
		{3042CBB6-85D8-3D51-96A1-1A759CED3A61}.Release|Any CPU.Build.0 = Release|Any CPU
		{587690DC-DB5D-D722-F419-F4ECB7FD8091}.Debug|Any CPU.ActiveCfg = Debug|Any CPU
		{587690DC-DB5D-D722-F419-F4ECB7FD8091}.Debug|Any CPU.Build.0 = Debug|Any CPU
		{587690DC-DB5D-D722-F419-F4ECB7FD8091}.Release|Any CPU.ActiveCfg = Release|Any CPU
		{587690DC-DB5D-D722-F419-F4ECB7FD8091}.Release|Any CPU.Build.0 = Release|Any CPU
		{6E734F6D-64BA-447F-33E3-AFFFD4A3898F}.Debug|Any CPU.ActiveCfg = Debug|Any CPU
		{6E734F6D-64BA-447F-33E3-AFFFD4A3898F}.Debug|Any CPU.Build.0 = Debug|Any CPU
		{6E734F6D-64BA-447F-33E3-AFFFD4A3898F}.Release|Any CPU.ActiveCfg = Release|Any CPU
		{6E734F6D-64BA-447F-33E3-AFFFD4A3898F}.Release|Any CPU.Build.0 = Release|Any CPU
		{987B1D83-BEC9-788D-E7D8-24587AD3BD38}.Debug|Any CPU.ActiveCfg = Debug|Any CPU
		{987B1D83-BEC9-788D-E7D8-24587AD3BD38}.Debug|Any CPU.Build.0 = Debug|Any CPU
		{987B1D83-BEC9-788D-E7D8-24587AD3BD38}.Release|Any CPU.ActiveCfg = Release|Any CPU
		{987B1D83-BEC9-788D-E7D8-24587AD3BD38}.Release|Any CPU.Build.0 = Release|Any CPU
		{5A68C4C7-976E-4592-4F2E-F9ADA42C0E6F}.Debug|Any CPU.ActiveCfg = Debug|Any CPU
		{5A68C4C7-976E-4592-4F2E-F9ADA42C0E6F}.Debug|Any CPU.Build.0 = Debug|Any CPU
		{5A68C4C7-976E-4592-4F2E-F9ADA42C0E6F}.Release|Any CPU.ActiveCfg = Release|Any CPU
		{5A68C4C7-976E-4592-4F2E-F9ADA42C0E6F}.Release|Any CPU.Build.0 = Release|Any CPU
		{5780425E-689C-8994-5489-8F92784519AD}.Debug|Any CPU.ActiveCfg = Debug|Any CPU
		{5780425E-689C-8994-5489-8F92784519AD}.Debug|Any CPU.Build.0 = Debug|Any CPU
		{5780425E-689C-8994-5489-8F92784519AD}.Release|Any CPU.ActiveCfg = Release|Any CPU
		{5780425E-689C-8994-5489-8F92784519AD}.Release|Any CPU.Build.0 = Release|Any CPU
		{F2F00D29-05F8-1D94-E571-44603CC5A387}.Debug|Any CPU.ActiveCfg = Debug|Any CPU
		{F2F00D29-05F8-1D94-E571-44603CC5A387}.Debug|Any CPU.Build.0 = Debug|Any CPU
		{F2F00D29-05F8-1D94-E571-44603CC5A387}.Release|Any CPU.ActiveCfg = Release|Any CPU
		{F2F00D29-05F8-1D94-E571-44603CC5A387}.Release|Any CPU.Build.0 = Release|Any CPU
		{D13AC73C-ED56-D201-4CA0-701AB6E252DF}.Debug|Any CPU.ActiveCfg = Debug|Any CPU
		{D13AC73C-ED56-D201-4CA0-701AB6E252DF}.Debug|Any CPU.Build.0 = Debug|Any CPU
		{D13AC73C-ED56-D201-4CA0-701AB6E252DF}.Release|Any CPU.ActiveCfg = Release|Any CPU
		{D13AC73C-ED56-D201-4CA0-701AB6E252DF}.Release|Any CPU.Build.0 = Release|Any CPU
		{5A7FD891-0C57-FE4C-EE23-35B9B9FEACA1}.Debug|Any CPU.ActiveCfg = Debug|Any CPU
		{5A7FD891-0C57-FE4C-EE23-35B9B9FEACA1}.Debug|Any CPU.Build.0 = Debug|Any CPU
		{5A7FD891-0C57-FE4C-EE23-35B9B9FEACA1}.Release|Any CPU.ActiveCfg = Release|Any CPU
		{5A7FD891-0C57-FE4C-EE23-35B9B9FEACA1}.Release|Any CPU.Build.0 = Release|Any CPU
		{430ACCAC-8E88-BDE3-BB61-2883D94FDFF2}.Debug|Any CPU.ActiveCfg = Debug|Any CPU
		{430ACCAC-8E88-BDE3-BB61-2883D94FDFF2}.Debug|Any CPU.Build.0 = Debug|Any CPU
		{430ACCAC-8E88-BDE3-BB61-2883D94FDFF2}.Release|Any CPU.ActiveCfg = Release|Any CPU
		{430ACCAC-8E88-BDE3-BB61-2883D94FDFF2}.Release|Any CPU.Build.0 = Release|Any CPU
		{03AFD933-0C40-8CFE-D5E3-51C44AA48D40}.Debug|Any CPU.ActiveCfg = Debug|Any CPU
		{03AFD933-0C40-8CFE-D5E3-51C44AA48D40}.Debug|Any CPU.Build.0 = Debug|Any CPU
		{03AFD933-0C40-8CFE-D5E3-51C44AA48D40}.Release|Any CPU.ActiveCfg = Release|Any CPU
		{03AFD933-0C40-8CFE-D5E3-51C44AA48D40}.Release|Any CPU.Build.0 = Release|Any CPU
		{7A53388F-BF6A-BD0B-F228-E22879433230}.Debug|Any CPU.ActiveCfg = Debug|Any CPU
		{7A53388F-BF6A-BD0B-F228-E22879433230}.Debug|Any CPU.Build.0 = Debug|Any CPU
		{7A53388F-BF6A-BD0B-F228-E22879433230}.Release|Any CPU.ActiveCfg = Release|Any CPU
		{7A53388F-BF6A-BD0B-F228-E22879433230}.Release|Any CPU.Build.0 = Release|Any CPU
		{0F29B404-B061-ABBC-8F4F-EFEF75251809}.Debug|Any CPU.ActiveCfg = Debug|Any CPU
		{0F29B404-B061-ABBC-8F4F-EFEF75251809}.Debug|Any CPU.Build.0 = Debug|Any CPU
		{0F29B404-B061-ABBC-8F4F-EFEF75251809}.Release|Any CPU.ActiveCfg = Release|Any CPU
		{0F29B404-B061-ABBC-8F4F-EFEF75251809}.Release|Any CPU.Build.0 = Release|Any CPU
		{A2886C39-032F-939B-62A3-80615E0FF0FF}.Debug|Any CPU.ActiveCfg = Debug|Any CPU
		{A2886C39-032F-939B-62A3-80615E0FF0FF}.Debug|Any CPU.Build.0 = Debug|Any CPU
		{A2886C39-032F-939B-62A3-80615E0FF0FF}.Release|Any CPU.ActiveCfg = Release|Any CPU
		{A2886C39-032F-939B-62A3-80615E0FF0FF}.Release|Any CPU.Build.0 = Release|Any CPU
		{71D2EA1E-5203-3A8B-B4A7-0DC0517C5F5D}.Debug|Any CPU.ActiveCfg = Debug|Any CPU
		{71D2EA1E-5203-3A8B-B4A7-0DC0517C5F5D}.Debug|Any CPU.Build.0 = Debug|Any CPU
		{71D2EA1E-5203-3A8B-B4A7-0DC0517C5F5D}.Release|Any CPU.ActiveCfg = Release|Any CPU
		{71D2EA1E-5203-3A8B-B4A7-0DC0517C5F5D}.Release|Any CPU.Build.0 = Release|Any CPU
		{F98F9F2A-74D8-6D4C-FF58-A4A0D9CA3918}.Debug|Any CPU.ActiveCfg = Debug|Any CPU
		{F98F9F2A-74D8-6D4C-FF58-A4A0D9CA3918}.Debug|Any CPU.Build.0 = Debug|Any CPU
		{F98F9F2A-74D8-6D4C-FF58-A4A0D9CA3918}.Release|Any CPU.ActiveCfg = Release|Any CPU
		{F98F9F2A-74D8-6D4C-FF58-A4A0D9CA3918}.Release|Any CPU.Build.0 = Release|Any CPU
		{3EE14B00-E2B5-EDB4-41F6-DFF017801D03}.Debug|Any CPU.ActiveCfg = Debug|Any CPU
		{3EE14B00-E2B5-EDB4-41F6-DFF017801D03}.Debug|Any CPU.Build.0 = Debug|Any CPU
		{3EE14B00-E2B5-EDB4-41F6-DFF017801D03}.Release|Any CPU.ActiveCfg = Release|Any CPU
		{3EE14B00-E2B5-EDB4-41F6-DFF017801D03}.Release|Any CPU.Build.0 = Release|Any CPU
		{D749E8F7-8B97-4DA0-7408-D9A57E5839AA}.Debug|Any CPU.ActiveCfg = Debug|Any CPU
		{D749E8F7-8B97-4DA0-7408-D9A57E5839AA}.Debug|Any CPU.Build.0 = Debug|Any CPU
		{D749E8F7-8B97-4DA0-7408-D9A57E5839AA}.Release|Any CPU.ActiveCfg = Release|Any CPU
		{D749E8F7-8B97-4DA0-7408-D9A57E5839AA}.Release|Any CPU.Build.0 = Release|Any CPU
		{010D12DE-087C-0DB2-3616-1AB803FF7908}.Debug|Any CPU.ActiveCfg = Debug|Any CPU
		{010D12DE-087C-0DB2-3616-1AB803FF7908}.Debug|Any CPU.Build.0 = Debug|Any CPU
		{010D12DE-087C-0DB2-3616-1AB803FF7908}.Release|Any CPU.ActiveCfg = Release|Any CPU
		{010D12DE-087C-0DB2-3616-1AB803FF7908}.Release|Any CPU.Build.0 = Release|Any CPU
		{D715DB5B-2401-9822-BC7B-02EBDB330503}.Debug|Any CPU.ActiveCfg = Debug|Any CPU
		{D715DB5B-2401-9822-BC7B-02EBDB330503}.Debug|Any CPU.Build.0 = Debug|Any CPU
		{D715DB5B-2401-9822-BC7B-02EBDB330503}.Release|Any CPU.ActiveCfg = Release|Any CPU
		{D715DB5B-2401-9822-BC7B-02EBDB330503}.Release|Any CPU.Build.0 = Release|Any CPU
		{6E41BFDE-D4A3-CF5E-0690-1254376B9283}.Debug|Any CPU.ActiveCfg = Debug|Any CPU
		{6E41BFDE-D4A3-CF5E-0690-1254376B9283}.Debug|Any CPU.Build.0 = Debug|Any CPU
		{6E41BFDE-D4A3-CF5E-0690-1254376B9283}.Release|Any CPU.ActiveCfg = Release|Any CPU
		{6E41BFDE-D4A3-CF5E-0690-1254376B9283}.Release|Any CPU.Build.0 = Release|Any CPU
		{802690A4-EDFB-1EC1-0416-8B098CD2A25E}.Debug|Any CPU.ActiveCfg = Debug|Any CPU
		{802690A4-EDFB-1EC1-0416-8B098CD2A25E}.Debug|Any CPU.Build.0 = Debug|Any CPU
		{802690A4-EDFB-1EC1-0416-8B098CD2A25E}.Release|Any CPU.ActiveCfg = Release|Any CPU
		{802690A4-EDFB-1EC1-0416-8B098CD2A25E}.Release|Any CPU.Build.0 = Release|Any CPU
		{9EDEADC0-E034-8DCC-58BF-68381864F1B7}.Debug|Any CPU.ActiveCfg = Debug|Any CPU
		{9EDEADC0-E034-8DCC-58BF-68381864F1B7}.Debug|Any CPU.Build.0 = Debug|Any CPU
		{9EDEADC0-E034-8DCC-58BF-68381864F1B7}.Release|Any CPU.ActiveCfg = Release|Any CPU
		{9EDEADC0-E034-8DCC-58BF-68381864F1B7}.Release|Any CPU.Build.0 = Release|Any CPU
		{5A91AD4A-0B10-ED42-D851-9F58B5D3DCDA}.Debug|Any CPU.ActiveCfg = Debug|Any CPU
		{5A91AD4A-0B10-ED42-D851-9F58B5D3DCDA}.Debug|Any CPU.Build.0 = Debug|Any CPU
		{5A91AD4A-0B10-ED42-D851-9F58B5D3DCDA}.Release|Any CPU.ActiveCfg = Release|Any CPU
		{5A91AD4A-0B10-ED42-D851-9F58B5D3DCDA}.Release|Any CPU.Build.0 = Release|Any CPU
		{27BCD1DE-000A-4006-484B-94DF8FBBB718}.Debug|Any CPU.ActiveCfg = Debug|Any CPU
		{27BCD1DE-000A-4006-484B-94DF8FBBB718}.Debug|Any CPU.Build.0 = Debug|Any CPU
		{27BCD1DE-000A-4006-484B-94DF8FBBB718}.Release|Any CPU.ActiveCfg = Release|Any CPU
		{27BCD1DE-000A-4006-484B-94DF8FBBB718}.Release|Any CPU.Build.0 = Release|Any CPU
		{A9E0AF72-6FEB-0DDD-3E0C-9F93E6996103}.Debug|Any CPU.ActiveCfg = Debug|Any CPU
		{A9E0AF72-6FEB-0DDD-3E0C-9F93E6996103}.Debug|Any CPU.Build.0 = Debug|Any CPU
		{A9E0AF72-6FEB-0DDD-3E0C-9F93E6996103}.Release|Any CPU.ActiveCfg = Release|Any CPU
		{A9E0AF72-6FEB-0DDD-3E0C-9F93E6996103}.Release|Any CPU.Build.0 = Release|Any CPU
		{047DCC9D-6605-125A-9A08-EBA29B6304F3}.Debug|Any CPU.ActiveCfg = Debug|Any CPU
		{047DCC9D-6605-125A-9A08-EBA29B6304F3}.Debug|Any CPU.Build.0 = Debug|Any CPU
		{047DCC9D-6605-125A-9A08-EBA29B6304F3}.Release|Any CPU.ActiveCfg = Release|Any CPU
		{047DCC9D-6605-125A-9A08-EBA29B6304F3}.Release|Any CPU.Build.0 = Release|Any CPU
		{A9E6D973-E44A-E375-D356-E2C6CE89C0A9}.Debug|Any CPU.ActiveCfg = Debug|Any CPU
		{A9E6D973-E44A-E375-D356-E2C6CE89C0A9}.Debug|Any CPU.Build.0 = Debug|Any CPU
		{A9E6D973-E44A-E375-D356-E2C6CE89C0A9}.Release|Any CPU.ActiveCfg = Release|Any CPU
		{A9E6D973-E44A-E375-D356-E2C6CE89C0A9}.Release|Any CPU.Build.0 = Release|Any CPU
		{F4227C2F-B99E-4A62-A6D8-2B674DECD92E}.Debug|Any CPU.ActiveCfg = Debug|Any CPU
		{F4227C2F-B99E-4A62-A6D8-2B674DECD92E}.Debug|Any CPU.Build.0 = Debug|Any CPU
		{F4227C2F-B99E-4A62-A6D8-2B674DECD92E}.Release|Any CPU.ActiveCfg = Release|Any CPU
		{F4227C2F-B99E-4A62-A6D8-2B674DECD92E}.Release|Any CPU.Build.0 = Release|Any CPU
		{EBE35D99-659C-2136-459F-55C16B2B3022}.Debug|Any CPU.ActiveCfg = Debug|Any CPU
		{EBE35D99-659C-2136-459F-55C16B2B3022}.Debug|Any CPU.Build.0 = Debug|Any CPU
		{EBE35D99-659C-2136-459F-55C16B2B3022}.Release|Any CPU.ActiveCfg = Release|Any CPU
		{EBE35D99-659C-2136-459F-55C16B2B3022}.Release|Any CPU.Build.0 = Release|Any CPU
		{EBE2DA02-7FFF-4ABE-8720-91538F02EAB7}.Debug|Any CPU.ActiveCfg = Debug|Any CPU
		{EBE2DA02-7FFF-4ABE-8720-91538F02EAB7}.Debug|Any CPU.Build.0 = Debug|Any CPU
		{EBE2DA02-7FFF-4ABE-8720-91538F02EAB7}.Release|Any CPU.ActiveCfg = Release|Any CPU
		{EBE2DA02-7FFF-4ABE-8720-91538F02EAB7}.Release|Any CPU.Build.0 = Release|Any CPU
		{F26E5F55-F1C9-626E-A669-5CEA9CFE95C7}.Debug|Any CPU.ActiveCfg = Debug|Any CPU
		{F26E5F55-F1C9-626E-A669-5CEA9CFE95C7}.Debug|Any CPU.Build.0 = Debug|Any CPU
		{F26E5F55-F1C9-626E-A669-5CEA9CFE95C7}.Release|Any CPU.ActiveCfg = Release|Any CPU
		{F26E5F55-F1C9-626E-A669-5CEA9CFE95C7}.Release|Any CPU.Build.0 = Release|Any CPU
		{A05E798F-A847-20B7-F5C9-95ABCD99D788}.Debug|Any CPU.ActiveCfg = Debug|Any CPU
		{A05E798F-A847-20B7-F5C9-95ABCD99D788}.Debug|Any CPU.Build.0 = Debug|Any CPU
		{A05E798F-A847-20B7-F5C9-95ABCD99D788}.Release|Any CPU.ActiveCfg = Release|Any CPU
		{A05E798F-A847-20B7-F5C9-95ABCD99D788}.Release|Any CPU.Build.0 = Release|Any CPU
		{AB576A22-AF69-53DE-EC39-BF8AD43A79CC}.Debug|Any CPU.ActiveCfg = Debug|Any CPU
		{AB576A22-AF69-53DE-EC39-BF8AD43A79CC}.Debug|Any CPU.Build.0 = Debug|Any CPU
		{AB576A22-AF69-53DE-EC39-BF8AD43A79CC}.Release|Any CPU.ActiveCfg = Release|Any CPU
		{AB576A22-AF69-53DE-EC39-BF8AD43A79CC}.Release|Any CPU.Build.0 = Release|Any CPU
		{DB26A4D6-461E-8BB0-5C4D-35288DC61E81}.Debug|Any CPU.ActiveCfg = Debug|Any CPU
		{DB26A4D6-461E-8BB0-5C4D-35288DC61E81}.Debug|Any CPU.Build.0 = Debug|Any CPU
		{DB26A4D6-461E-8BB0-5C4D-35288DC61E81}.Release|Any CPU.ActiveCfg = Release|Any CPU
		{DB26A4D6-461E-8BB0-5C4D-35288DC61E81}.Release|Any CPU.Build.0 = Release|Any CPU
		{639D4124-9E90-2E44-40DC-5CAF2281E7E6}.Debug|Any CPU.ActiveCfg = Debug|Any CPU
		{639D4124-9E90-2E44-40DC-5CAF2281E7E6}.Debug|Any CPU.Build.0 = Debug|Any CPU
		{639D4124-9E90-2E44-40DC-5CAF2281E7E6}.Release|Any CPU.ActiveCfg = Release|Any CPU
		{639D4124-9E90-2E44-40DC-5CAF2281E7E6}.Release|Any CPU.Build.0 = Release|Any CPU
		{1A1ECAD9-8F93-1EF9-F5DC-61185EB302B4}.Debug|Any CPU.ActiveCfg = Debug|Any CPU
		{1A1ECAD9-8F93-1EF9-F5DC-61185EB302B4}.Debug|Any CPU.Build.0 = Debug|Any CPU
		{1A1ECAD9-8F93-1EF9-F5DC-61185EB302B4}.Release|Any CPU.ActiveCfg = Release|Any CPU
		{1A1ECAD9-8F93-1EF9-F5DC-61185EB302B4}.Release|Any CPU.Build.0 = Release|Any CPU
		{CCF983AD-A441-1608-C903-DA429E59A9FC}.Debug|Any CPU.ActiveCfg = Debug|Any CPU
		{CCF983AD-A441-1608-C903-DA429E59A9FC}.Debug|Any CPU.Build.0 = Debug|Any CPU
		{CCF983AD-A441-1608-C903-DA429E59A9FC}.Release|Any CPU.ActiveCfg = Release|Any CPU
		{CCF983AD-A441-1608-C903-DA429E59A9FC}.Release|Any CPU.Build.0 = Release|Any CPU
		{53C1B773-C488-291E-346B-C94A5DA7B66E}.Debug|Any CPU.ActiveCfg = Debug|Any CPU
		{53C1B773-C488-291E-346B-C94A5DA7B66E}.Debug|Any CPU.Build.0 = Debug|Any CPU
		{53C1B773-C488-291E-346B-C94A5DA7B66E}.Release|Any CPU.ActiveCfg = Release|Any CPU
		{53C1B773-C488-291E-346B-C94A5DA7B66E}.Release|Any CPU.Build.0 = Release|Any CPU
		{EC39FA40-AE97-FCD2-004C-08519FCC17E1}.Debug|Any CPU.ActiveCfg = Debug|Any CPU
		{EC39FA40-AE97-FCD2-004C-08519FCC17E1}.Debug|Any CPU.Build.0 = Debug|Any CPU
		{EC39FA40-AE97-FCD2-004C-08519FCC17E1}.Release|Any CPU.ActiveCfg = Release|Any CPU
		{EC39FA40-AE97-FCD2-004C-08519FCC17E1}.Release|Any CPU.Build.0 = Release|Any CPU
		{E8B35532-C62F-0068-4F12-18DD02A9CBC2}.Debug|Any CPU.ActiveCfg = Debug|Any CPU
		{E8B35532-C62F-0068-4F12-18DD02A9CBC2}.Debug|Any CPU.Build.0 = Debug|Any CPU
		{E8B35532-C62F-0068-4F12-18DD02A9CBC2}.Release|Any CPU.ActiveCfg = Release|Any CPU
		{E8B35532-C62F-0068-4F12-18DD02A9CBC2}.Release|Any CPU.Build.0 = Release|Any CPU
		{EB605D38-CCBF-D4ED-4FF9-A5BE46E9FD13}.Debug|Any CPU.ActiveCfg = Debug|Any CPU
		{EB605D38-CCBF-D4ED-4FF9-A5BE46E9FD13}.Debug|Any CPU.Build.0 = Debug|Any CPU
		{EB605D38-CCBF-D4ED-4FF9-A5BE46E9FD13}.Release|Any CPU.ActiveCfg = Release|Any CPU
		{EB605D38-CCBF-D4ED-4FF9-A5BE46E9FD13}.Release|Any CPU.Build.0 = Release|Any CPU
		{8D8D2270-5AFB-FB90-B73F-26BF5858EE49}.Debug|Any CPU.ActiveCfg = Debug|Any CPU
		{8D8D2270-5AFB-FB90-B73F-26BF5858EE49}.Debug|Any CPU.Build.0 = Debug|Any CPU
		{8D8D2270-5AFB-FB90-B73F-26BF5858EE49}.Release|Any CPU.ActiveCfg = Release|Any CPU
		{8D8D2270-5AFB-FB90-B73F-26BF5858EE49}.Release|Any CPU.Build.0 = Release|Any CPU
		{90AB943E-8037-F748-49F2-1C6E9B844BE9}.Debug|Any CPU.ActiveCfg = Debug|Any CPU
		{90AB943E-8037-F748-49F2-1C6E9B844BE9}.Debug|Any CPU.Build.0 = Debug|Any CPU
		{90AB943E-8037-F748-49F2-1C6E9B844BE9}.Release|Any CPU.ActiveCfg = Release|Any CPU
		{90AB943E-8037-F748-49F2-1C6E9B844BE9}.Release|Any CPU.Build.0 = Release|Any CPU
		{902A1E81-FAE1-D570-AEB7-9FC65DFED928}.Debug|Any CPU.ActiveCfg = Debug|Any CPU
		{902A1E81-FAE1-D570-AEB7-9FC65DFED928}.Debug|Any CPU.Build.0 = Debug|Any CPU
		{902A1E81-FAE1-D570-AEB7-9FC65DFED928}.Release|Any CPU.ActiveCfg = Release|Any CPU
		{902A1E81-FAE1-D570-AEB7-9FC65DFED928}.Release|Any CPU.Build.0 = Release|Any CPU
		{234A0001-3E1F-9A2F-BB3F-976CD34D44D7}.Debug|Any CPU.ActiveCfg = Debug|Any CPU
		{234A0001-3E1F-9A2F-BB3F-976CD34D44D7}.Debug|Any CPU.Build.0 = Debug|Any CPU
		{234A0001-3E1F-9A2F-BB3F-976CD34D44D7}.Release|Any CPU.ActiveCfg = Release|Any CPU
		{234A0001-3E1F-9A2F-BB3F-976CD34D44D7}.Release|Any CPU.Build.0 = Release|Any CPU
		{41AF87EF-563A-0D1F-198E-465796F6A3CE}.Debug|Any CPU.ActiveCfg = Debug|Any CPU
		{41AF87EF-563A-0D1F-198E-465796F6A3CE}.Debug|Any CPU.Build.0 = Debug|Any CPU
		{41AF87EF-563A-0D1F-198E-465796F6A3CE}.Release|Any CPU.ActiveCfg = Release|Any CPU
		{41AF87EF-563A-0D1F-198E-465796F6A3CE}.Release|Any CPU.Build.0 = Release|Any CPU
		{EC4B7D7D-B5B3-56A3-5617-79DDEDAB6BAB}.Debug|Any CPU.ActiveCfg = Debug|Any CPU
		{EC4B7D7D-B5B3-56A3-5617-79DDEDAB6BAB}.Debug|Any CPU.Build.0 = Debug|Any CPU
		{EC4B7D7D-B5B3-56A3-5617-79DDEDAB6BAB}.Release|Any CPU.ActiveCfg = Release|Any CPU
		{EC4B7D7D-B5B3-56A3-5617-79DDEDAB6BAB}.Release|Any CPU.Build.0 = Release|Any CPU
		{04A707E9-FA37-9006-41C8-8F86C7FBFA79}.Debug|Any CPU.ActiveCfg = Debug|Any CPU
		{04A707E9-FA37-9006-41C8-8F86C7FBFA79}.Debug|Any CPU.Build.0 = Debug|Any CPU
		{04A707E9-FA37-9006-41C8-8F86C7FBFA79}.Release|Any CPU.ActiveCfg = Release|Any CPU
		{04A707E9-FA37-9006-41C8-8F86C7FBFA79}.Release|Any CPU.Build.0 = Release|Any CPU
		{BAA8C5A6-CA04-26C8-89D7-7D9DA252F10F}.Debug|Any CPU.ActiveCfg = Debug|Any CPU
		{BAA8C5A6-CA04-26C8-89D7-7D9DA252F10F}.Debug|Any CPU.Build.0 = Debug|Any CPU
		{BAA8C5A6-CA04-26C8-89D7-7D9DA252F10F}.Release|Any CPU.ActiveCfg = Release|Any CPU
		{BAA8C5A6-CA04-26C8-89D7-7D9DA252F10F}.Release|Any CPU.Build.0 = Release|Any CPU
		{693AC7B8-4B75-9840-F09A-F357A9131246}.Debug|Any CPU.ActiveCfg = Debug|Any CPU
		{693AC7B8-4B75-9840-F09A-F357A9131246}.Debug|Any CPU.Build.0 = Debug|Any CPU
		{693AC7B8-4B75-9840-F09A-F357A9131246}.Release|Any CPU.ActiveCfg = Release|Any CPU
		{693AC7B8-4B75-9840-F09A-F357A9131246}.Release|Any CPU.Build.0 = Release|Any CPU
		{B992E56D-5CE8-07AF-F551-D08419C491D9}.Debug|Any CPU.ActiveCfg = Debug|Any CPU
		{B992E56D-5CE8-07AF-F551-D08419C491D9}.Debug|Any CPU.Build.0 = Debug|Any CPU
		{B992E56D-5CE8-07AF-F551-D08419C491D9}.Release|Any CPU.ActiveCfg = Release|Any CPU
		{B992E56D-5CE8-07AF-F551-D08419C491D9}.Release|Any CPU.Build.0 = Release|Any CPU
		{42F1EB64-5FC8-F1FC-C098-F0D426AF7D4E}.Debug|Any CPU.ActiveCfg = Debug|Any CPU
		{42F1EB64-5FC8-F1FC-C098-F0D426AF7D4E}.Debug|Any CPU.Build.0 = Debug|Any CPU
		{42F1EB64-5FC8-F1FC-C098-F0D426AF7D4E}.Release|Any CPU.ActiveCfg = Release|Any CPU
		{42F1EB64-5FC8-F1FC-C098-F0D426AF7D4E}.Release|Any CPU.Build.0 = Release|Any CPU
		{49C61A97-FA5C-482E-ABAF-F4B108815178}.Debug|Any CPU.ActiveCfg = Debug|Any CPU
		{49C61A97-FA5C-482E-ABAF-F4B108815178}.Debug|Any CPU.Build.0 = Debug|Any CPU
		{49C61A97-FA5C-482E-ABAF-F4B108815178}.Release|Any CPU.ActiveCfg = Release|Any CPU
		{49C61A97-FA5C-482E-ABAF-F4B108815178}.Release|Any CPU.Build.0 = Release|Any CPU
		{F8F9BB91-7835-83F3-C6A0-857DB7D215F6}.Debug|Any CPU.ActiveCfg = Debug|Any CPU
		{F8F9BB91-7835-83F3-C6A0-857DB7D215F6}.Debug|Any CPU.Build.0 = Debug|Any CPU
		{F8F9BB91-7835-83F3-C6A0-857DB7D215F6}.Release|Any CPU.ActiveCfg = Release|Any CPU
		{F8F9BB91-7835-83F3-C6A0-857DB7D215F6}.Release|Any CPU.Build.0 = Release|Any CPU
		{6998367D-6C5F-E57C-E9F3-32605C910ED9}.Debug|Any CPU.ActiveCfg = Debug|Any CPU
		{6998367D-6C5F-E57C-E9F3-32605C910ED9}.Debug|Any CPU.Build.0 = Debug|Any CPU
		{6998367D-6C5F-E57C-E9F3-32605C910ED9}.Release|Any CPU.ActiveCfg = Release|Any CPU
		{6998367D-6C5F-E57C-E9F3-32605C910ED9}.Release|Any CPU.Build.0 = Release|Any CPU
		{D50D5568-FBA7-6022-E396-A7C9C4C73DA9}.Debug|Any CPU.ActiveCfg = Debug|Any CPU
		{D50D5568-FBA7-6022-E396-A7C9C4C73DA9}.Debug|Any CPU.Build.0 = Debug|Any CPU
		{D50D5568-FBA7-6022-E396-A7C9C4C73DA9}.Release|Any CPU.ActiveCfg = Release|Any CPU
		{D50D5568-FBA7-6022-E396-A7C9C4C73DA9}.Release|Any CPU.Build.0 = Release|Any CPU
		{52EB266E-2F2A-C564-E469-8784B686A587}.Debug|Any CPU.ActiveCfg = Debug|Any CPU
		{52EB266E-2F2A-C564-E469-8784B686A587}.Debug|Any CPU.Build.0 = Debug|Any CPU
		{52EB266E-2F2A-C564-E469-8784B686A587}.Release|Any CPU.ActiveCfg = Release|Any CPU
		{52EB266E-2F2A-C564-E469-8784B686A587}.Release|Any CPU.Build.0 = Release|Any CPU
		{DCC665A8-1299-235B-2E06-804F33AF6620}.Debug|Any CPU.ActiveCfg = Debug|Any CPU
		{DCC665A8-1299-235B-2E06-804F33AF6620}.Debug|Any CPU.Build.0 = Debug|Any CPU
		{DCC665A8-1299-235B-2E06-804F33AF6620}.Release|Any CPU.ActiveCfg = Release|Any CPU
		{DCC665A8-1299-235B-2E06-804F33AF6620}.Release|Any CPU.Build.0 = Release|Any CPU
		{CD66F02E-5A9F-26EE-F69D-331710F1363A}.Debug|Any CPU.ActiveCfg = Debug|Any CPU
		{CD66F02E-5A9F-26EE-F69D-331710F1363A}.Debug|Any CPU.Build.0 = Debug|Any CPU
		{CD66F02E-5A9F-26EE-F69D-331710F1363A}.Release|Any CPU.ActiveCfg = Release|Any CPU
		{CD66F02E-5A9F-26EE-F69D-331710F1363A}.Release|Any CPU.Build.0 = Release|Any CPU
		{AD9C4632-3FAD-3AEF-3D78-DF40039D1F54}.Debug|Any CPU.ActiveCfg = Debug|Any CPU
		{AD9C4632-3FAD-3AEF-3D78-DF40039D1F54}.Debug|Any CPU.Build.0 = Debug|Any CPU
		{AD9C4632-3FAD-3AEF-3D78-DF40039D1F54}.Release|Any CPU.ActiveCfg = Release|Any CPU
		{AD9C4632-3FAD-3AEF-3D78-DF40039D1F54}.Release|Any CPU.Build.0 = Release|Any CPU
		{937B90D8-0227-BE3A-4C8C-7F2D1A89B688}.Debug|Any CPU.ActiveCfg = Debug|Any CPU
		{937B90D8-0227-BE3A-4C8C-7F2D1A89B688}.Debug|Any CPU.Build.0 = Debug|Any CPU
		{937B90D8-0227-BE3A-4C8C-7F2D1A89B688}.Release|Any CPU.ActiveCfg = Release|Any CPU
		{937B90D8-0227-BE3A-4C8C-7F2D1A89B688}.Release|Any CPU.Build.0 = Release|Any CPU
		{C4638E82-067F-4FF9-1C95-5A52E44197F4}.Debug|Any CPU.ActiveCfg = Debug|Any CPU
		{C4638E82-067F-4FF9-1C95-5A52E44197F4}.Debug|Any CPU.Build.0 = Debug|Any CPU
		{C4638E82-067F-4FF9-1C95-5A52E44197F4}.Release|Any CPU.ActiveCfg = Release|Any CPU
		{C4638E82-067F-4FF9-1C95-5A52E44197F4}.Release|Any CPU.Build.0 = Release|Any CPU
		{31BE07B3-1E67-A812-BB98-659DD9B0220F}.Debug|Any CPU.ActiveCfg = Debug|Any CPU
		{31BE07B3-1E67-A812-BB98-659DD9B0220F}.Debug|Any CPU.Build.0 = Debug|Any CPU
		{31BE07B3-1E67-A812-BB98-659DD9B0220F}.Release|Any CPU.ActiveCfg = Release|Any CPU
		{31BE07B3-1E67-A812-BB98-659DD9B0220F}.Release|Any CPU.Build.0 = Release|Any CPU
		{5E2EFCE8-8C60-FD26-9D15-6C52BD7B36A0}.Debug|Any CPU.ActiveCfg = Debug|Any CPU
		{5E2EFCE8-8C60-FD26-9D15-6C52BD7B36A0}.Debug|Any CPU.Build.0 = Debug|Any CPU
		{5E2EFCE8-8C60-FD26-9D15-6C52BD7B36A0}.Release|Any CPU.ActiveCfg = Release|Any CPU
		{5E2EFCE8-8C60-FD26-9D15-6C52BD7B36A0}.Release|Any CPU.Build.0 = Release|Any CPU
		{559F765E-57FA-F161-D1F0-8794A62953B7}.Debug|Any CPU.ActiveCfg = Debug|Any CPU
		{559F765E-57FA-F161-D1F0-8794A62953B7}.Debug|Any CPU.Build.0 = Debug|Any CPU
		{559F765E-57FA-F161-D1F0-8794A62953B7}.Release|Any CPU.ActiveCfg = Release|Any CPU
		{559F765E-57FA-F161-D1F0-8794A62953B7}.Release|Any CPU.Build.0 = Release|Any CPU
		{4D2F6822-2651-9739-7C8C-266AE3429A46}.Debug|Any CPU.ActiveCfg = Debug|Any CPU
		{4D2F6822-2651-9739-7C8C-266AE3429A46}.Debug|Any CPU.Build.0 = Debug|Any CPU
		{4D2F6822-2651-9739-7C8C-266AE3429A46}.Release|Any CPU.ActiveCfg = Release|Any CPU
		{4D2F6822-2651-9739-7C8C-266AE3429A46}.Release|Any CPU.Build.0 = Release|Any CPU
		{5A8CD8ED-5E38-74A5-8413-6903EB66DC2D}.Debug|Any CPU.ActiveCfg = Debug|Any CPU
		{5A8CD8ED-5E38-74A5-8413-6903EB66DC2D}.Debug|Any CPU.Build.0 = Debug|Any CPU
		{5A8CD8ED-5E38-74A5-8413-6903EB66DC2D}.Release|Any CPU.ActiveCfg = Release|Any CPU
		{5A8CD8ED-5E38-74A5-8413-6903EB66DC2D}.Release|Any CPU.Build.0 = Release|Any CPU
		{94DDAF26-5349-580A-D2C1-5952A34A5CF0}.Debug|Any CPU.ActiveCfg = Debug|Any CPU
		{94DDAF26-5349-580A-D2C1-5952A34A5CF0}.Debug|Any CPU.Build.0 = Debug|Any CPU
		{94DDAF26-5349-580A-D2C1-5952A34A5CF0}.Release|Any CPU.ActiveCfg = Release|Any CPU
		{94DDAF26-5349-580A-D2C1-5952A34A5CF0}.Release|Any CPU.Build.0 = Release|Any CPU
		{1BB1B84C-F98A-AA86-3685-A9666CD822B8}.Debug|Any CPU.ActiveCfg = Debug|Any CPU
		{1BB1B84C-F98A-AA86-3685-A9666CD822B8}.Debug|Any CPU.Build.0 = Debug|Any CPU
		{1BB1B84C-F98A-AA86-3685-A9666CD822B8}.Release|Any CPU.ActiveCfg = Release|Any CPU
		{1BB1B84C-F98A-AA86-3685-A9666CD822B8}.Release|Any CPU.Build.0 = Release|Any CPU
		{77D7AE9A-D1F4-8BC1-30C4-875219B51228}.Debug|Any CPU.ActiveCfg = Debug|Any CPU
		{77D7AE9A-D1F4-8BC1-30C4-875219B51228}.Debug|Any CPU.Build.0 = Debug|Any CPU
		{77D7AE9A-D1F4-8BC1-30C4-875219B51228}.Release|Any CPU.ActiveCfg = Release|Any CPU
		{77D7AE9A-D1F4-8BC1-30C4-875219B51228}.Release|Any CPU.Build.0 = Release|Any CPU
		{F5BA2A43-AEBB-E64D-4861-7AC26697C12A}.Debug|Any CPU.ActiveCfg = Debug|Any CPU
		{F5BA2A43-AEBB-E64D-4861-7AC26697C12A}.Debug|Any CPU.Build.0 = Debug|Any CPU
		{F5BA2A43-AEBB-E64D-4861-7AC26697C12A}.Release|Any CPU.ActiveCfg = Release|Any CPU
		{F5BA2A43-AEBB-E64D-4861-7AC26697C12A}.Release|Any CPU.Build.0 = Release|Any CPU
		{BA8568BB-35A1-C5C5-B37D-B98A6089C1BD}.Debug|Any CPU.ActiveCfg = Debug|Any CPU
		{BA8568BB-35A1-C5C5-B37D-B98A6089C1BD}.Debug|Any CPU.Build.0 = Debug|Any CPU
		{BA8568BB-35A1-C5C5-B37D-B98A6089C1BD}.Release|Any CPU.ActiveCfg = Release|Any CPU
		{BA8568BB-35A1-C5C5-B37D-B98A6089C1BD}.Release|Any CPU.Build.0 = Release|Any CPU
		{41765D73-3078-3912-F6E6-0619DF3BFE4A}.Debug|Any CPU.ActiveCfg = Debug|Any CPU
		{41765D73-3078-3912-F6E6-0619DF3BFE4A}.Debug|Any CPU.Build.0 = Debug|Any CPU
		{41765D73-3078-3912-F6E6-0619DF3BFE4A}.Release|Any CPU.ActiveCfg = Release|Any CPU
		{41765D73-3078-3912-F6E6-0619DF3BFE4A}.Release|Any CPU.Build.0 = Release|Any CPU
		{6D8E272F-43C3-183E-E36C-94FF200A19AC}.Debug|Any CPU.ActiveCfg = Debug|Any CPU
		{6D8E272F-43C3-183E-E36C-94FF200A19AC}.Debug|Any CPU.Build.0 = Debug|Any CPU
		{6D8E272F-43C3-183E-E36C-94FF200A19AC}.Release|Any CPU.ActiveCfg = Release|Any CPU
		{6D8E272F-43C3-183E-E36C-94FF200A19AC}.Release|Any CPU.Build.0 = Release|Any CPU
		{73FCDD6A-B723-5E8A-DBE7-88CC78746ADE}.Debug|Any CPU.ActiveCfg = Debug|Any CPU
		{73FCDD6A-B723-5E8A-DBE7-88CC78746ADE}.Debug|Any CPU.Build.0 = Debug|Any CPU
		{73FCDD6A-B723-5E8A-DBE7-88CC78746ADE}.Release|Any CPU.ActiveCfg = Release|Any CPU
		{73FCDD6A-B723-5E8A-DBE7-88CC78746ADE}.Release|Any CPU.Build.0 = Release|Any CPU
		{5AD8CB52-BB65-0686-2925-9E0E6696699C}.Debug|Any CPU.ActiveCfg = Debug|Any CPU
		{5AD8CB52-BB65-0686-2925-9E0E6696699C}.Debug|Any CPU.Build.0 = Debug|Any CPU
		{5AD8CB52-BB65-0686-2925-9E0E6696699C}.Release|Any CPU.ActiveCfg = Release|Any CPU
		{5AD8CB52-BB65-0686-2925-9E0E6696699C}.Release|Any CPU.Build.0 = Release|Any CPU
		{B73D2EDB-4E73-07E0-21C1-8FC43803B345}.Debug|Any CPU.ActiveCfg = Debug|Any CPU
		{B73D2EDB-4E73-07E0-21C1-8FC43803B345}.Debug|Any CPU.Build.0 = Debug|Any CPU
		{B73D2EDB-4E73-07E0-21C1-8FC43803B345}.Release|Any CPU.ActiveCfg = Release|Any CPU
		{B73D2EDB-4E73-07E0-21C1-8FC43803B345}.Release|Any CPU.Build.0 = Release|Any CPU
		{F1D84DBA-B1DC-7192-DA13-2D5B7AACABED}.Debug|Any CPU.ActiveCfg = Debug|Any CPU
		{F1D84DBA-B1DC-7192-DA13-2D5B7AACABED}.Debug|Any CPU.Build.0 = Debug|Any CPU
		{F1D84DBA-B1DC-7192-DA13-2D5B7AACABED}.Release|Any CPU.ActiveCfg = Release|Any CPU
		{F1D84DBA-B1DC-7192-DA13-2D5B7AACABED}.Release|Any CPU.Build.0 = Release|Any CPU
		{B28549BA-D8FA-B929-03BD-347C22C91FD2}.Debug|Any CPU.ActiveCfg = Debug|Any CPU
		{B28549BA-D8FA-B929-03BD-347C22C91FD2}.Debug|Any CPU.Build.0 = Debug|Any CPU
		{B28549BA-D8FA-B929-03BD-347C22C91FD2}.Release|Any CPU.ActiveCfg = Release|Any CPU
		{B28549BA-D8FA-B929-03BD-347C22C91FD2}.Release|Any CPU.Build.0 = Release|Any CPU
		{7FC459EC-48E7-B390-57D7-71D4C8E6F641}.Debug|Any CPU.ActiveCfg = Debug|Any CPU
		{7FC459EC-48E7-B390-57D7-71D4C8E6F641}.Debug|Any CPU.Build.0 = Debug|Any CPU
		{7FC459EC-48E7-B390-57D7-71D4C8E6F641}.Release|Any CPU.ActiveCfg = Release|Any CPU
		{7FC459EC-48E7-B390-57D7-71D4C8E6F641}.Release|Any CPU.Build.0 = Release|Any CPU
		{1E66DE2F-5088-6198-F89B-69A6C6A05423}.Debug|Any CPU.ActiveCfg = Debug|Any CPU
		{1E66DE2F-5088-6198-F89B-69A6C6A05423}.Debug|Any CPU.Build.0 = Debug|Any CPU
		{1E66DE2F-5088-6198-F89B-69A6C6A05423}.Release|Any CPU.ActiveCfg = Release|Any CPU
		{1E66DE2F-5088-6198-F89B-69A6C6A05423}.Release|Any CPU.Build.0 = Release|Any CPU
		{4B1150A4-B96F-CF0A-9A04-C122E6915328}.Debug|Any CPU.ActiveCfg = Debug|Any CPU
		{4B1150A4-B96F-CF0A-9A04-C122E6915328}.Debug|Any CPU.Build.0 = Debug|Any CPU
		{4B1150A4-B96F-CF0A-9A04-C122E6915328}.Release|Any CPU.ActiveCfg = Release|Any CPU
		{4B1150A4-B96F-CF0A-9A04-C122E6915328}.Release|Any CPU.Build.0 = Release|Any CPU
		{02C12231-4EA0-76D9-0F95-41E61BE14421}.Debug|Any CPU.ActiveCfg = Debug|Any CPU
		{02C12231-4EA0-76D9-0F95-41E61BE14421}.Debug|Any CPU.Build.0 = Debug|Any CPU
		{02C12231-4EA0-76D9-0F95-41E61BE14421}.Release|Any CPU.ActiveCfg = Release|Any CPU
		{02C12231-4EA0-76D9-0F95-41E61BE14421}.Release|Any CPU.Build.0 = Release|Any CPU
		{16506336-3443-A392-0DCA-429A42F55223}.Debug|Any CPU.ActiveCfg = Debug|Any CPU
		{16506336-3443-A392-0DCA-429A42F55223}.Debug|Any CPU.Build.0 = Debug|Any CPU
		{16506336-3443-A392-0DCA-429A42F55223}.Release|Any CPU.ActiveCfg = Release|Any CPU
		{16506336-3443-A392-0DCA-429A42F55223}.Release|Any CPU.Build.0 = Release|Any CPU
		{782CDE0C-B292-D21F-6FD1-B01CBE381C56}.Debug|Any CPU.ActiveCfg = Debug|Any CPU
		{782CDE0C-B292-D21F-6FD1-B01CBE381C56}.Debug|Any CPU.Build.0 = Debug|Any CPU
		{782CDE0C-B292-D21F-6FD1-B01CBE381C56}.Release|Any CPU.ActiveCfg = Release|Any CPU
		{782CDE0C-B292-D21F-6FD1-B01CBE381C56}.Release|Any CPU.Build.0 = Release|Any CPU
		{A5B224FA-A3E7-16CA-4B4B-C0FDDFB49C86}.Debug|Any CPU.ActiveCfg = Debug|Any CPU
		{A5B224FA-A3E7-16CA-4B4B-C0FDDFB49C86}.Debug|Any CPU.Build.0 = Debug|Any CPU
		{A5B224FA-A3E7-16CA-4B4B-C0FDDFB49C86}.Release|Any CPU.ActiveCfg = Release|Any CPU
		{A5B224FA-A3E7-16CA-4B4B-C0FDDFB49C86}.Release|Any CPU.Build.0 = Release|Any CPU
		{210EDF7C-D418-FCFE-68F1-0C7B5A19EB42}.Debug|Any CPU.ActiveCfg = Debug|Any CPU
		{210EDF7C-D418-FCFE-68F1-0C7B5A19EB42}.Debug|Any CPU.Build.0 = Debug|Any CPU
		{210EDF7C-D418-FCFE-68F1-0C7B5A19EB42}.Release|Any CPU.ActiveCfg = Release|Any CPU
		{210EDF7C-D418-FCFE-68F1-0C7B5A19EB42}.Release|Any CPU.Build.0 = Release|Any CPU
		{07522026-42A0-8AED-42A0-AEF30D9EF255}.Debug|Any CPU.ActiveCfg = Debug|Any CPU
		{07522026-42A0-8AED-42A0-AEF30D9EF255}.Debug|Any CPU.Build.0 = Debug|Any CPU
		{07522026-42A0-8AED-42A0-AEF30D9EF255}.Release|Any CPU.ActiveCfg = Release|Any CPU
		{07522026-42A0-8AED-42A0-AEF30D9EF255}.Release|Any CPU.Build.0 = Release|Any CPU
		{D4801C30-1F47-D75F-B229-8A17B1FA21B8}.Debug|Any CPU.ActiveCfg = Debug|Any CPU
		{D4801C30-1F47-D75F-B229-8A17B1FA21B8}.Debug|Any CPU.Build.0 = Debug|Any CPU
		{D4801C30-1F47-D75F-B229-8A17B1FA21B8}.Release|Any CPU.ActiveCfg = Release|Any CPU
		{D4801C30-1F47-D75F-B229-8A17B1FA21B8}.Release|Any CPU.Build.0 = Release|Any CPU
		{CAF5B4CD-406A-5459-9394-FCC64CE47EEA}.Debug|Any CPU.ActiveCfg = Debug|Any CPU
		{CAF5B4CD-406A-5459-9394-FCC64CE47EEA}.Debug|Any CPU.Build.0 = Debug|Any CPU
		{CAF5B4CD-406A-5459-9394-FCC64CE47EEA}.Release|Any CPU.ActiveCfg = Release|Any CPU
		{CAF5B4CD-406A-5459-9394-FCC64CE47EEA}.Release|Any CPU.Build.0 = Release|Any CPU
		{F8529F0D-D4E2-E102-BB7A-CDD7B07A4602}.Debug|Any CPU.ActiveCfg = Debug|Any CPU
		{F8529F0D-D4E2-E102-BB7A-CDD7B07A4602}.Debug|Any CPU.Build.0 = Debug|Any CPU
		{F8529F0D-D4E2-E102-BB7A-CDD7B07A4602}.Release|Any CPU.ActiveCfg = Release|Any CPU
		{F8529F0D-D4E2-E102-BB7A-CDD7B07A4602}.Release|Any CPU.Build.0 = Release|Any CPU
		{95AF6E18-0081-6326-DB2A-D245CAF18709}.Debug|Any CPU.ActiveCfg = Debug|Any CPU
		{95AF6E18-0081-6326-DB2A-D245CAF18709}.Debug|Any CPU.Build.0 = Debug|Any CPU
		{95AF6E18-0081-6326-DB2A-D245CAF18709}.Release|Any CPU.ActiveCfg = Release|Any CPU
		{95AF6E18-0081-6326-DB2A-D245CAF18709}.Release|Any CPU.Build.0 = Release|Any CPU
		{D825A89D-2F3D-15FD-03BE-A73CE93B3549}.Debug|Any CPU.ActiveCfg = Debug|Any CPU
		{D825A89D-2F3D-15FD-03BE-A73CE93B3549}.Debug|Any CPU.Build.0 = Debug|Any CPU
		{D825A89D-2F3D-15FD-03BE-A73CE93B3549}.Release|Any CPU.ActiveCfg = Release|Any CPU
		{D825A89D-2F3D-15FD-03BE-A73CE93B3549}.Release|Any CPU.Build.0 = Release|Any CPU
		{758D3744-5745-6B68-AF7B-B1038BB3D158}.Debug|Any CPU.ActiveCfg = Debug|Any CPU
		{758D3744-5745-6B68-AF7B-B1038BB3D158}.Debug|Any CPU.Build.0 = Debug|Any CPU
		{758D3744-5745-6B68-AF7B-B1038BB3D158}.Release|Any CPU.ActiveCfg = Release|Any CPU
		{758D3744-5745-6B68-AF7B-B1038BB3D158}.Release|Any CPU.Build.0 = Release|Any CPU
		{FD87B386-C30F-9173-F98C-7F7B84488536}.Debug|Any CPU.ActiveCfg = Debug|Any CPU
		{FD87B386-C30F-9173-F98C-7F7B84488536}.Debug|Any CPU.Build.0 = Debug|Any CPU
		{FD87B386-C30F-9173-F98C-7F7B84488536}.Release|Any CPU.ActiveCfg = Release|Any CPU
		{FD87B386-C30F-9173-F98C-7F7B84488536}.Release|Any CPU.Build.0 = Release|Any CPU
		{AA23CA0C-E393-2AE4-CCEA-6CB8BE619A78}.Debug|Any CPU.ActiveCfg = Debug|Any CPU
		{AA23CA0C-E393-2AE4-CCEA-6CB8BE619A78}.Debug|Any CPU.Build.0 = Debug|Any CPU
		{AA23CA0C-E393-2AE4-CCEA-6CB8BE619A78}.Release|Any CPU.ActiveCfg = Release|Any CPU
		{AA23CA0C-E393-2AE4-CCEA-6CB8BE619A78}.Release|Any CPU.Build.0 = Release|Any CPU
		{691EE5D5-737E-8379-9A9C-736FFBF128EB}.Debug|Any CPU.ActiveCfg = Debug|Any CPU
		{691EE5D5-737E-8379-9A9C-736FFBF128EB}.Debug|Any CPU.Build.0 = Debug|Any CPU
		{691EE5D5-737E-8379-9A9C-736FFBF128EB}.Release|Any CPU.ActiveCfg = Release|Any CPU
		{691EE5D5-737E-8379-9A9C-736FFBF128EB}.Release|Any CPU.Build.0 = Release|Any CPU
		{7BD611A4-F4EC-F6AA-7CCD-CDFB07AD66AB}.Debug|Any CPU.ActiveCfg = Debug|Any CPU
		{7BD611A4-F4EC-F6AA-7CCD-CDFB07AD66AB}.Debug|Any CPU.Build.0 = Debug|Any CPU
		{7BD611A4-F4EC-F6AA-7CCD-CDFB07AD66AB}.Release|Any CPU.ActiveCfg = Release|Any CPU
		{7BD611A4-F4EC-F6AA-7CCD-CDFB07AD66AB}.Release|Any CPU.Build.0 = Release|Any CPU
		{610218F7-7FE6-2F39-E076-B8741C7DCA48}.Debug|Any CPU.ActiveCfg = Debug|Any CPU
		{610218F7-7FE6-2F39-E076-B8741C7DCA48}.Debug|Any CPU.Build.0 = Debug|Any CPU
		{610218F7-7FE6-2F39-E076-B8741C7DCA48}.Release|Any CPU.ActiveCfg = Release|Any CPU
		{610218F7-7FE6-2F39-E076-B8741C7DCA48}.Release|Any CPU.Build.0 = Release|Any CPU
		{D30D196B-768A-550E-4842-D0B71858F89D}.Debug|Any CPU.ActiveCfg = Debug|Any CPU
		{D30D196B-768A-550E-4842-D0B71858F89D}.Debug|Any CPU.Build.0 = Debug|Any CPU
		{D30D196B-768A-550E-4842-D0B71858F89D}.Release|Any CPU.ActiveCfg = Release|Any CPU
		{D30D196B-768A-550E-4842-D0B71858F89D}.Release|Any CPU.Build.0 = Release|Any CPU
		{D1783ADE-A8B8-2E58-56BB-905788BE97B0}.Debug|Any CPU.ActiveCfg = Debug|Any CPU
		{D1783ADE-A8B8-2E58-56BB-905788BE97B0}.Debug|Any CPU.Build.0 = Debug|Any CPU
		{D1783ADE-A8B8-2E58-56BB-905788BE97B0}.Release|Any CPU.ActiveCfg = Release|Any CPU
		{D1783ADE-A8B8-2E58-56BB-905788BE97B0}.Release|Any CPU.Build.0 = Release|Any CPU
		{E64C3C14-0E37-1D39-C2BF-A01227EDAA22}.Debug|Any CPU.ActiveCfg = Debug|Any CPU
		{E64C3C14-0E37-1D39-C2BF-A01227EDAA22}.Debug|Any CPU.Build.0 = Debug|Any CPU
		{E64C3C14-0E37-1D39-C2BF-A01227EDAA22}.Release|Any CPU.ActiveCfg = Release|Any CPU
		{E64C3C14-0E37-1D39-C2BF-A01227EDAA22}.Release|Any CPU.Build.0 = Release|Any CPU
		{D5456F70-7715-92E1-50C2-6DF743F69E40}.Debug|Any CPU.ActiveCfg = Debug|Any CPU
		{D5456F70-7715-92E1-50C2-6DF743F69E40}.Debug|Any CPU.Build.0 = Debug|Any CPU
		{D5456F70-7715-92E1-50C2-6DF743F69E40}.Release|Any CPU.ActiveCfg = Release|Any CPU
		{D5456F70-7715-92E1-50C2-6DF743F69E40}.Release|Any CPU.Build.0 = Release|Any CPU
		{8FA9E00D-B113-1878-9A22-FCF97363FC94}.Debug|Any CPU.ActiveCfg = Debug|Any CPU
		{8FA9E00D-B113-1878-9A22-FCF97363FC94}.Debug|Any CPU.Build.0 = Debug|Any CPU
		{8FA9E00D-B113-1878-9A22-FCF97363FC94}.Release|Any CPU.ActiveCfg = Release|Any CPU
		{8FA9E00D-B113-1878-9A22-FCF97363FC94}.Release|Any CPU.Build.0 = Release|Any CPU
		{E28F0EE0-2CC3-1616-783B-EC6CAA3ADADB}.Debug|Any CPU.ActiveCfg = Debug|Any CPU
		{E28F0EE0-2CC3-1616-783B-EC6CAA3ADADB}.Debug|Any CPU.Build.0 = Debug|Any CPU
		{E28F0EE0-2CC3-1616-783B-EC6CAA3ADADB}.Release|Any CPU.ActiveCfg = Release|Any CPU
		{E28F0EE0-2CC3-1616-783B-EC6CAA3ADADB}.Release|Any CPU.Build.0 = Release|Any CPU
		{3CCFFC15-EDC0-6B32-D937-E9E4890DB821}.Debug|Any CPU.ActiveCfg = Debug|Any CPU
		{3CCFFC15-EDC0-6B32-D937-E9E4890DB821}.Debug|Any CPU.Build.0 = Debug|Any CPU
		{3CCFFC15-EDC0-6B32-D937-E9E4890DB821}.Release|Any CPU.ActiveCfg = Release|Any CPU
		{3CCFFC15-EDC0-6B32-D937-E9E4890DB821}.Release|Any CPU.Build.0 = Release|Any CPU
		{06D2A4CA-97D5-B394-A00E-CF181F6633C4}.Debug|Any CPU.ActiveCfg = Debug|Any CPU
		{06D2A4CA-97D5-B394-A00E-CF181F6633C4}.Debug|Any CPU.Build.0 = Debug|Any CPU
		{06D2A4CA-97D5-B394-A00E-CF181F6633C4}.Release|Any CPU.ActiveCfg = Release|Any CPU
		{06D2A4CA-97D5-B394-A00E-CF181F6633C4}.Release|Any CPU.Build.0 = Release|Any CPU
		{78222627-3FC2-3AB7-FB6A-F32F982283C7}.Debug|Any CPU.ActiveCfg = Debug|Any CPU
		{78222627-3FC2-3AB7-FB6A-F32F982283C7}.Debug|Any CPU.Build.0 = Debug|Any CPU
		{78222627-3FC2-3AB7-FB6A-F32F982283C7}.Release|Any CPU.ActiveCfg = Release|Any CPU
		{78222627-3FC2-3AB7-FB6A-F32F982283C7}.Release|Any CPU.Build.0 = Release|Any CPU
		{EE0F6446-540E-57F9-C683-89D3150151AC}.Debug|Any CPU.ActiveCfg = Debug|Any CPU
		{EE0F6446-540E-57F9-C683-89D3150151AC}.Debug|Any CPU.Build.0 = Debug|Any CPU
		{EE0F6446-540E-57F9-C683-89D3150151AC}.Release|Any CPU.ActiveCfg = Release|Any CPU
		{EE0F6446-540E-57F9-C683-89D3150151AC}.Release|Any CPU.Build.0 = Release|Any CPU
		{DF0503EC-83FB-67F8-E0CB-D841A86B7BCB}.Debug|Any CPU.ActiveCfg = Debug|Any CPU
		{DF0503EC-83FB-67F8-E0CB-D841A86B7BCB}.Debug|Any CPU.Build.0 = Debug|Any CPU
		{DF0503EC-83FB-67F8-E0CB-D841A86B7BCB}.Release|Any CPU.ActiveCfg = Release|Any CPU
		{DF0503EC-83FB-67F8-E0CB-D841A86B7BCB}.Release|Any CPU.Build.0 = Release|Any CPU
		{205A72C7-D6C2-6FCF-BE8D-7A9279B8E4F9}.Debug|Any CPU.ActiveCfg = Debug|Any CPU
		{205A72C7-D6C2-6FCF-BE8D-7A9279B8E4F9}.Debug|Any CPU.Build.0 = Debug|Any CPU
		{205A72C7-D6C2-6FCF-BE8D-7A9279B8E4F9}.Release|Any CPU.ActiveCfg = Release|Any CPU
		{205A72C7-D6C2-6FCF-BE8D-7A9279B8E4F9}.Release|Any CPU.Build.0 = Release|Any CPU
		{601B2AD6-915E-DD77-8232-C31663B408FC}.Debug|Any CPU.ActiveCfg = Debug|Any CPU
		{601B2AD6-915E-DD77-8232-C31663B408FC}.Debug|Any CPU.Build.0 = Debug|Any CPU
		{601B2AD6-915E-DD77-8232-C31663B408FC}.Release|Any CPU.ActiveCfg = Release|Any CPU
		{601B2AD6-915E-DD77-8232-C31663B408FC}.Release|Any CPU.Build.0 = Release|Any CPU
		{FEC24AB7-6CDA-AC22-AFB0-5BB0AC8A6D43}.Debug|Any CPU.ActiveCfg = Debug|Any CPU
		{FEC24AB7-6CDA-AC22-AFB0-5BB0AC8A6D43}.Debug|Any CPU.Build.0 = Debug|Any CPU
		{FEC24AB7-6CDA-AC22-AFB0-5BB0AC8A6D43}.Release|Any CPU.ActiveCfg = Release|Any CPU
		{FEC24AB7-6CDA-AC22-AFB0-5BB0AC8A6D43}.Release|Any CPU.Build.0 = Release|Any CPU
		{B594ADA5-86CC-097D-D76C-F8A77C192F72}.Debug|Any CPU.ActiveCfg = Debug|Any CPU
		{B594ADA5-86CC-097D-D76C-F8A77C192F72}.Debug|Any CPU.Build.0 = Debug|Any CPU
		{B594ADA5-86CC-097D-D76C-F8A77C192F72}.Release|Any CPU.ActiveCfg = Release|Any CPU
		{B594ADA5-86CC-097D-D76C-F8A77C192F72}.Release|Any CPU.Build.0 = Release|Any CPU
		{EBFB18C3-37B0-820D-F729-F36C23BD3DA8}.Debug|Any CPU.ActiveCfg = Debug|Any CPU
		{EBFB18C3-37B0-820D-F729-F36C23BD3DA8}.Debug|Any CPU.Build.0 = Debug|Any CPU
		{EBFB18C3-37B0-820D-F729-F36C23BD3DA8}.Release|Any CPU.ActiveCfg = Release|Any CPU
		{EBFB18C3-37B0-820D-F729-F36C23BD3DA8}.Release|Any CPU.Build.0 = Release|Any CPU
		{6315D685-57A2-B6FF-57B2-1C163305BF0E}.Debug|Any CPU.ActiveCfg = Debug|Any CPU
		{6315D685-57A2-B6FF-57B2-1C163305BF0E}.Debug|Any CPU.Build.0 = Debug|Any CPU
		{6315D685-57A2-B6FF-57B2-1C163305BF0E}.Release|Any CPU.ActiveCfg = Release|Any CPU
		{6315D685-57A2-B6FF-57B2-1C163305BF0E}.Release|Any CPU.Build.0 = Release|Any CPU
		{602E8B50-36B8-5DA7-1B1C-37C9341302CB}.Debug|Any CPU.ActiveCfg = Debug|Any CPU
		{602E8B50-36B8-5DA7-1B1C-37C9341302CB}.Debug|Any CPU.Build.0 = Debug|Any CPU
		{602E8B50-36B8-5DA7-1B1C-37C9341302CB}.Release|Any CPU.ActiveCfg = Release|Any CPU
		{602E8B50-36B8-5DA7-1B1C-37C9341302CB}.Release|Any CPU.Build.0 = Release|Any CPU
		{AC44CE8E-DD37-DCE9-C28F-1D44AF0E6ABE}.Debug|Any CPU.ActiveCfg = Debug|Any CPU
		{AC44CE8E-DD37-DCE9-C28F-1D44AF0E6ABE}.Debug|Any CPU.Build.0 = Debug|Any CPU
		{AC44CE8E-DD37-DCE9-C28F-1D44AF0E6ABE}.Release|Any CPU.ActiveCfg = Release|Any CPU
		{AC44CE8E-DD37-DCE9-C28F-1D44AF0E6ABE}.Release|Any CPU.Build.0 = Release|Any CPU
		{C618679B-DDDD-1FF6-D3C6-33E65F799B3D}.Debug|Any CPU.ActiveCfg = Debug|Any CPU
		{C618679B-DDDD-1FF6-D3C6-33E65F799B3D}.Debug|Any CPU.Build.0 = Debug|Any CPU
		{C618679B-DDDD-1FF6-D3C6-33E65F799B3D}.Release|Any CPU.ActiveCfg = Release|Any CPU
		{C618679B-DDDD-1FF6-D3C6-33E65F799B3D}.Release|Any CPU.Build.0 = Release|Any CPU
		{D5AE0EA5-563B-609E-49A9-21D8F4E1F77E}.Debug|Any CPU.ActiveCfg = Debug|Any CPU
		{D5AE0EA5-563B-609E-49A9-21D8F4E1F77E}.Debug|Any CPU.Build.0 = Debug|Any CPU
		{D5AE0EA5-563B-609E-49A9-21D8F4E1F77E}.Release|Any CPU.ActiveCfg = Release|Any CPU
		{D5AE0EA5-563B-609E-49A9-21D8F4E1F77E}.Release|Any CPU.Build.0 = Release|Any CPU
		{83045203-5210-04FC-A355-61A137AD21C0}.Debug|Any CPU.ActiveCfg = Debug|Any CPU
		{83045203-5210-04FC-A355-61A137AD21C0}.Debug|Any CPU.Build.0 = Debug|Any CPU
		{83045203-5210-04FC-A355-61A137AD21C0}.Release|Any CPU.ActiveCfg = Release|Any CPU
		{83045203-5210-04FC-A355-61A137AD21C0}.Release|Any CPU.Build.0 = Release|Any CPU
		{83C5A068-74EF-C92D-75B6-AE68B62CBE06}.Debug|Any CPU.ActiveCfg = Debug|Any CPU
		{83C5A068-74EF-C92D-75B6-AE68B62CBE06}.Debug|Any CPU.Build.0 = Debug|Any CPU
		{83C5A068-74EF-C92D-75B6-AE68B62CBE06}.Release|Any CPU.ActiveCfg = Release|Any CPU
		{83C5A068-74EF-C92D-75B6-AE68B62CBE06}.Release|Any CPU.Build.0 = Release|Any CPU
		{B075F1DD-5B25-CE30-98AE-1FA695654102}.Debug|Any CPU.ActiveCfg = Debug|Any CPU
		{B075F1DD-5B25-CE30-98AE-1FA695654102}.Debug|Any CPU.Build.0 = Debug|Any CPU
		{B075F1DD-5B25-CE30-98AE-1FA695654102}.Release|Any CPU.ActiveCfg = Release|Any CPU
		{B075F1DD-5B25-CE30-98AE-1FA695654102}.Release|Any CPU.Build.0 = Release|Any CPU
		{35776661-312D-53CC-2E7E-8F7EF588DAF8}.Debug|Any CPU.ActiveCfg = Debug|Any CPU
		{35776661-312D-53CC-2E7E-8F7EF588DAF8}.Debug|Any CPU.Build.0 = Debug|Any CPU
		{35776661-312D-53CC-2E7E-8F7EF588DAF8}.Release|Any CPU.ActiveCfg = Release|Any CPU
		{35776661-312D-53CC-2E7E-8F7EF588DAF8}.Release|Any CPU.Build.0 = Release|Any CPU
		{71D3368C-7608-D587-3269-9812C610C08E}.Debug|Any CPU.ActiveCfg = Debug|Any CPU
		{71D3368C-7608-D587-3269-9812C610C08E}.Debug|Any CPU.Build.0 = Debug|Any CPU
		{71D3368C-7608-D587-3269-9812C610C08E}.Release|Any CPU.ActiveCfg = Release|Any CPU
		{71D3368C-7608-D587-3269-9812C610C08E}.Release|Any CPU.Build.0 = Release|Any CPU
		{2DD940E0-21EC-C856-1A62-54D7F0B6D23E}.Debug|Any CPU.ActiveCfg = Debug|Any CPU
		{2DD940E0-21EC-C856-1A62-54D7F0B6D23E}.Debug|Any CPU.Build.0 = Debug|Any CPU
		{2DD940E0-21EC-C856-1A62-54D7F0B6D23E}.Release|Any CPU.ActiveCfg = Release|Any CPU
		{2DD940E0-21EC-C856-1A62-54D7F0B6D23E}.Release|Any CPU.Build.0 = Release|Any CPU
		{E2E3726E-2F33-3B7B-AD67-3119E63EC240}.Debug|Any CPU.ActiveCfg = Debug|Any CPU
		{E2E3726E-2F33-3B7B-AD67-3119E63EC240}.Debug|Any CPU.Build.0 = Debug|Any CPU
		{E2E3726E-2F33-3B7B-AD67-3119E63EC240}.Release|Any CPU.ActiveCfg = Release|Any CPU
		{E2E3726E-2F33-3B7B-AD67-3119E63EC240}.Release|Any CPU.Build.0 = Release|Any CPU
		{E42CA053-74E9-EA39-5D32-B98AB5A2F9B9}.Debug|Any CPU.ActiveCfg = Debug|Any CPU
		{E42CA053-74E9-EA39-5D32-B98AB5A2F9B9}.Debug|Any CPU.Build.0 = Debug|Any CPU
		{E42CA053-74E9-EA39-5D32-B98AB5A2F9B9}.Release|Any CPU.ActiveCfg = Release|Any CPU
		{E42CA053-74E9-EA39-5D32-B98AB5A2F9B9}.Release|Any CPU.Build.0 = Release|Any CPU
		{4DF3FEE8-92B2-C80B-A3F9-FBB295B20282}.Debug|Any CPU.ActiveCfg = Debug|Any CPU
		{4DF3FEE8-92B2-C80B-A3F9-FBB295B20282}.Debug|Any CPU.Build.0 = Debug|Any CPU
		{4DF3FEE8-92B2-C80B-A3F9-FBB295B20282}.Release|Any CPU.ActiveCfg = Release|Any CPU
		{4DF3FEE8-92B2-C80B-A3F9-FBB295B20282}.Release|Any CPU.Build.0 = Release|Any CPU
		{05CDCD41-229B-09B2-5BFE-52EB0B18525C}.Debug|Any CPU.ActiveCfg = Debug|Any CPU
		{05CDCD41-229B-09B2-5BFE-52EB0B18525C}.Debug|Any CPU.Build.0 = Debug|Any CPU
		{05CDCD41-229B-09B2-5BFE-52EB0B18525C}.Release|Any CPU.ActiveCfg = Release|Any CPU
		{05CDCD41-229B-09B2-5BFE-52EB0B18525C}.Release|Any CPU.Build.0 = Release|Any CPU
		{840545BF-FC03-77CB-A9EA-C671F13CBFF1}.Debug|Any CPU.ActiveCfg = Debug|Any CPU
		{840545BF-FC03-77CB-A9EA-C671F13CBFF1}.Debug|Any CPU.Build.0 = Debug|Any CPU
		{840545BF-FC03-77CB-A9EA-C671F13CBFF1}.Release|Any CPU.ActiveCfg = Release|Any CPU
		{840545BF-FC03-77CB-A9EA-C671F13CBFF1}.Release|Any CPU.Build.0 = Release|Any CPU
		{08CD19FF-BC28-AE70-8303-0BAA51172434}.Debug|Any CPU.ActiveCfg = Debug|Any CPU
		{08CD19FF-BC28-AE70-8303-0BAA51172434}.Debug|Any CPU.Build.0 = Debug|Any CPU
		{08CD19FF-BC28-AE70-8303-0BAA51172434}.Release|Any CPU.ActiveCfg = Release|Any CPU
		{08CD19FF-BC28-AE70-8303-0BAA51172434}.Release|Any CPU.Build.0 = Release|Any CPU
	EndGlobalSection
	GlobalSection(SolutionProperties) = preSolution
		HideSolutionNode = FALSE
	EndGlobalSection
EndGlobal
